
Microsoft Visual Studio Solution File, Format Version 12.00
# Visual Studio 2013
VisualStudioVersion = 12.0.31101.0
MinimumVisualStudioVersion = 10.0.40219.1
Project("{FAE04EC0-301F-11D3-BF4B-00C04F79EFBC}") = "Zadacha_01", "Zadacha_01\Zadacha_01.csproj", "{E82FF484-8379-4E1A-A813-C8C2C9A202A5}"
EndProject
Project("{FAE04EC0-301F-11D3-BF4B-00C04F79EFBC}") = "Zadacha_02", "Zadacha_2\Zadacha_02.csproj", "{D89386E1-3EFC-4BCA-889A-B206794D09B9}"
EndProject
Project("{FAE04EC0-301F-11D3-BF4B-00C04F79EFBC}") = "Zadacha_04", "Zadacha_4\Zadacha_04.csproj", "{A402D5CC-BF7B-49DA-8C75-5F1528E14242}"
EndProject
Project("{FAE04EC0-301F-11D3-BF4B-00C04F79EFBC}") = "Zadacha_06", "Zadacha_06\Zadacha_06.csproj", "{5317B4F1-C324-4B1D-9C5D-13B6299ECD3E}"
EndProject
Project("{FAE04EC0-301F-11D3-BF4B-00C04F79EFBC}") = "Zadacha_07", "Zadacha_07\Zadacha_07.csproj", "{B0546DB0-308D-427B-BEBC-52540F70EB8B}"
EndProject
Project("{FAE04EC0-301F-11D3-BF4B-00C04F79EFBC}") = "Zadacha_10", "Zadacha_10\Zadacha_10.csproj", "{BBF06224-B2FA-4118-A06C-A467849CC91F}"
EndProject
Project("{FAE04EC0-301F-11D3-BF4B-00C04F79EFBC}") = "Zadacha_11", "Zadacha_11\Zadacha_11.csproj", "{25AF6EE7-4B17-4A6F-9C7C-AB1074E3FCB4}"
EndProject
Project("{FAE04EC0-301F-11D3-BF4B-00C04F79EFBC}") = "Zadacha_12", "Zadacha_12\Zadacha_12.csproj", "{17316D39-4A80-4DC9-8ACC-6EA95534B003}"
EndProject
Project("{FAE04EC0-301F-11D3-BF4B-00C04F79EFBC}") = "Zadacha_08", "Zadacha_08\Zadacha_08.csproj", "{25ED2E8A-C651-4933-BBF1-DBCE15EE6EDB}"
EndProject
Project("{FAE04EC0-301F-11D3-BF4B-00C04F79EFBC}") = "Zadacha_03", "Zadacha_03\Zadacha_03.csproj", "{2636007B-494C-4494-8DC0-842C4F153278}"
EndProject
Project("{FAE04EC0-301F-11D3-BF4B-00C04F79EFBC}") = "Zadacha_05", "Zadacha_05\Zadacha_05.csproj", "{4B92F87C-779E-460C-B05F-C9E1105C8C02}"
EndProject
Project("{FAE04EC0-301F-11D3-BF4B-00C04F79EFBC}") = "Zadacha_13", "Zadzcha_13\Zadacha_13.csproj", "{DEB08AA8-4217-4145-87BD-B00CB038A955}"
EndProject
Project("{FAE04EC0-301F-11D3-BF4B-00C04F79EFBC}") = "Zadacha_14", "Zadacha_14\Zadacha_14.csproj", "{E0050FC6-0D3D-49C0-9677-392DD5A0D27A}"
EndProject
Project("{FAE04EC0-301F-11D3-BF4B-00C04F79EFBC}") = "Zadacha_15", "Zadacha_15\Zadacha_15.csproj", "{DDAE885A-CD43-4D0B-8BB2-44AB4E88A09A}"
EndProject
Project("{FAE04EC0-301F-11D3-BF4B-00C04F79EFBC}") = "Zadacha_16", "Zadacha_16\Zadacha_16.csproj", "{C2F3516E-5874-4542-8B6D-D9BDDF2B28ED}"
EndProject
Project("{FAE04EC0-301F-11D3-BF4B-00C04F79EFBC}") = "Zadacha_17", "Zadacha_17\Zadacha_17.csproj", "{3DF14838-6194-4833-9622-FBF2BBC8DFE3}"
EndProject
Project("{FAE04EC0-301F-11D3-BF4B-00C04F79EFBC}") = "Zadacha_18", "Zadacha_18\Zadacha_18.csproj", "{C0440064-63C8-47F9-BE96-5C69D8C5119D}"
EndProject
Project("{FAE04EC0-301F-11D3-BF4B-00C04F79EFBC}") = "Zadacha_19", "Zadacha_19\Zadacha_19.csproj", "{B40E948D-CC0D-4565-BD57-88E0A0A5E147}"
EndProject
Project("{FAE04EC0-301F-11D3-BF4B-00C04F79EFBC}") = "Zadacha_20", "Zadacha_20\Zadacha_20.csproj", "{066D2908-C281-4EE9-B763-EFA1B8387AE7}"
EndProject
Project("{FAE04EC0-301F-11D3-BF4B-00C04F79EFBC}") = "Zadacha_21", "Zadacha_21\Zadacha_21.csproj", "{6760B683-1021-4C4C-A261-02831BF41E6E}"
EndProject
Project("{FAE04EC0-301F-11D3-BF4B-00C04F79EFBC}") = "Zadacha_22", "Zadacha_22\Zadacha_22.csproj", "{B482F5F7-AA70-48EA-AA05-9894FFC471C9}"
EndProject
Project("{FAE04EC0-301F-11D3-BF4B-00C04F79EFBC}") = "Zadacha_23", "Zadacha_23\Zadacha_23.csproj", "{99F9375D-F1F2-4E13-89B3-9A266392B088}"
EndProject
Project("{FAE04EC0-301F-11D3-BF4B-00C04F79EFBC}") = "Zadacha_24", "Zadacha_24\Zadacha_24.csproj", "{F31BDE23-A6F4-4F6E-87F9-37241DF67EF4}"
EndProject
Project("{FAE04EC0-301F-11D3-BF4B-00C04F79EFBC}") = "Zadacha_25", "Zadacha_25\Zadacha_25.csproj", "{A94E5F79-BF42-4ADC-AC4C-E524A9E88582}"
EndProject
Project("{FAE04EC0-301F-11D3-BF4B-00C04F79EFBC}") = "Zadacha_26", "Zadacha_26\Zadacha_26.csproj", "{F45CA1DA-406D-4941-A7B4-2D6992F251C0}"
EndProject
Project("{FAE04EC0-301F-11D3-BF4B-00C04F79EFBC}") = "Zadacha_27", "Zadacha_27\Zadacha_27.csproj", "{56D89D5F-9F4B-4FD2-ACB2-9335F0708071}"
EndProject
Project("{FAE04EC0-301F-11D3-BF4B-00C04F79EFBC}") = "Zadacha_28", "Zadacha_28\Zadacha_28.csproj", "{AE7F201C-CEB2-4D33-80D6-8543A8D182FB}"
EndProject
Project("{FAE04EC0-301F-11D3-BF4B-00C04F79EFBC}") = "Zadacha_29", "Zadacha_29\Zadacha_29.csproj", "{9E8E9FEF-D6B6-40B0-9907-B750518496B7}"
EndProject
Project("{FAE04EC0-301F-11D3-BF4B-00C04F79EFBC}") = "Zadacha_31", "Zadacha_31\Zadacha_31.csproj", "{89E41F30-5B7A-44A0-9812-652B0DD5ED4C}"
EndProject
Project("{FAE04EC0-301F-11D3-BF4B-00C04F79EFBC}") = "Zadacha_30", "Zadacha_30\Zadacha_30.csproj", "{4A57A949-B3AB-457F-B696-43F7F1FC9A17}"
EndProject
Project("{FAE04EC0-301F-11D3-BF4B-00C04F79EFBC}") = "Zadacha_32", "Zadacha_32\Zadacha_32.csproj", "{6E8A1429-91C6-4D33-B8C3-50E1EDDBA787}"
EndProject
Project("{FAE04EC0-301F-11D3-BF4B-00C04F79EFBC}") = "Zadacha_33---", "Zadacha_33\Zadacha_33---.csproj", "{C7850B19-269F-43E4-A615-85ADCC3E582A}"
EndProject
Project("{FAE04EC0-301F-11D3-BF4B-00C04F79EFBC}") = "Zadacha_34", "Zadacha_34\Zadacha_34.csproj", "{71B757EA-FD22-4527-A057-AE992200D233}"
EndProject
Project("{FAE04EC0-301F-11D3-BF4B-00C04F79EFBC}") = "Zadacha_35", "Zadacha_35\Zadacha_35.csproj", "{E8D5A904-5B2B-457E-8EF4-B5318D192155}"
EndProject
Project("{FAE04EC0-301F-11D3-BF4B-00C04F79EFBC}") = "Zadacha_36", "Zadacha_36\Zadacha_36.csproj", "{BD549D1B-CA77-450C-94C7-29856EF3889B}"
EndProject
Project("{FAE04EC0-301F-11D3-BF4B-00C04F79EFBC}") = "Zadacha_09", "Zadacha_09\Zadacha_09.csproj", "{66271060-1551-4EE3-B08E-DBF96838657B}"
EndProject
Project("{FAE04EC0-301F-11D3-BF4B-00C04F79EFBC}") = "Zadacha_37", "Zadacha_37\Zadacha_37.csproj", "{5EBB822B-E97C-424C-9537-BD9260B3BB98}"
EndProject
Global
	GlobalSection(SolutionConfigurationPlatforms) = preSolution
		Debug|Any CPU = Debug|Any CPU
		Release|Any CPU = Release|Any CPU
	EndGlobalSection
	GlobalSection(ProjectConfigurationPlatforms) = postSolution
		{E82FF484-8379-4E1A-A813-C8C2C9A202A5}.Debug|Any CPU.ActiveCfg = Debug|Any CPU
		{E82FF484-8379-4E1A-A813-C8C2C9A202A5}.Debug|Any CPU.Build.0 = Debug|Any CPU
		{E82FF484-8379-4E1A-A813-C8C2C9A202A5}.Release|Any CPU.ActiveCfg = Release|Any CPU
		{E82FF484-8379-4E1A-A813-C8C2C9A202A5}.Release|Any CPU.Build.0 = Release|Any CPU
		{D89386E1-3EFC-4BCA-889A-B206794D09B9}.Debug|Any CPU.ActiveCfg = Debug|Any CPU
		{D89386E1-3EFC-4BCA-889A-B206794D09B9}.Debug|Any CPU.Build.0 = Debug|Any CPU
		{D89386E1-3EFC-4BCA-889A-B206794D09B9}.Release|Any CPU.ActiveCfg = Release|Any CPU
		{D89386E1-3EFC-4BCA-889A-B206794D09B9}.Release|Any CPU.Build.0 = Release|Any CPU
		{A402D5CC-BF7B-49DA-8C75-5F1528E14242}.Debug|Any CPU.ActiveCfg = Debug|Any CPU
		{A402D5CC-BF7B-49DA-8C75-5F1528E14242}.Debug|Any CPU.Build.0 = Debug|Any CPU
		{A402D5CC-BF7B-49DA-8C75-5F1528E14242}.Release|Any CPU.ActiveCfg = Release|Any CPU
		{A402D5CC-BF7B-49DA-8C75-5F1528E14242}.Release|Any CPU.Build.0 = Release|Any CPU
		{5317B4F1-C324-4B1D-9C5D-13B6299ECD3E}.Debug|Any CPU.ActiveCfg = Debug|Any CPU
		{5317B4F1-C324-4B1D-9C5D-13B6299ECD3E}.Debug|Any CPU.Build.0 = Debug|Any CPU
		{5317B4F1-C324-4B1D-9C5D-13B6299ECD3E}.Release|Any CPU.ActiveCfg = Release|Any CPU
		{5317B4F1-C324-4B1D-9C5D-13B6299ECD3E}.Release|Any CPU.Build.0 = Release|Any CPU
		{B0546DB0-308D-427B-BEBC-52540F70EB8B}.Debug|Any CPU.ActiveCfg = Debug|Any CPU
		{B0546DB0-308D-427B-BEBC-52540F70EB8B}.Debug|Any CPU.Build.0 = Debug|Any CPU
		{B0546DB0-308D-427B-BEBC-52540F70EB8B}.Release|Any CPU.ActiveCfg = Release|Any CPU
		{B0546DB0-308D-427B-BEBC-52540F70EB8B}.Release|Any CPU.Build.0 = Release|Any CPU
		{BBF06224-B2FA-4118-A06C-A467849CC91F}.Debug|Any CPU.ActiveCfg = Debug|Any CPU
		{BBF06224-B2FA-4118-A06C-A467849CC91F}.Debug|Any CPU.Build.0 = Debug|Any CPU
		{BBF06224-B2FA-4118-A06C-A467849CC91F}.Release|Any CPU.ActiveCfg = Release|Any CPU
		{BBF06224-B2FA-4118-A06C-A467849CC91F}.Release|Any CPU.Build.0 = Release|Any CPU
		{25AF6EE7-4B17-4A6F-9C7C-AB1074E3FCB4}.Debug|Any CPU.ActiveCfg = Debug|Any CPU
		{25AF6EE7-4B17-4A6F-9C7C-AB1074E3FCB4}.Debug|Any CPU.Build.0 = Debug|Any CPU
		{25AF6EE7-4B17-4A6F-9C7C-AB1074E3FCB4}.Release|Any CPU.ActiveCfg = Release|Any CPU
		{25AF6EE7-4B17-4A6F-9C7C-AB1074E3FCB4}.Release|Any CPU.Build.0 = Release|Any CPU
		{17316D39-4A80-4DC9-8ACC-6EA95534B003}.Debug|Any CPU.ActiveCfg = Debug|Any CPU
		{17316D39-4A80-4DC9-8ACC-6EA95534B003}.Debug|Any CPU.Build.0 = Debug|Any CPU
		{17316D39-4A80-4DC9-8ACC-6EA95534B003}.Release|Any CPU.ActiveCfg = Release|Any CPU
		{17316D39-4A80-4DC9-8ACC-6EA95534B003}.Release|Any CPU.Build.0 = Release|Any CPU
		{25ED2E8A-C651-4933-BBF1-DBCE15EE6EDB}.Debug|Any CPU.ActiveCfg = Debug|Any CPU
		{25ED2E8A-C651-4933-BBF1-DBCE15EE6EDB}.Debug|Any CPU.Build.0 = Debug|Any CPU
		{25ED2E8A-C651-4933-BBF1-DBCE15EE6EDB}.Release|Any CPU.ActiveCfg = Release|Any CPU
		{25ED2E8A-C651-4933-BBF1-DBCE15EE6EDB}.Release|Any CPU.Build.0 = Release|Any CPU
		{2636007B-494C-4494-8DC0-842C4F153278}.Debug|Any CPU.ActiveCfg = Debug|Any CPU
		{2636007B-494C-4494-8DC0-842C4F153278}.Debug|Any CPU.Build.0 = Debug|Any CPU
		{2636007B-494C-4494-8DC0-842C4F153278}.Release|Any CPU.ActiveCfg = Release|Any CPU
		{2636007B-494C-4494-8DC0-842C4F153278}.Release|Any CPU.Build.0 = Release|Any CPU
		{4B92F87C-779E-460C-B05F-C9E1105C8C02}.Debug|Any CPU.ActiveCfg = Debug|Any CPU
		{4B92F87C-779E-460C-B05F-C9E1105C8C02}.Debug|Any CPU.Build.0 = Debug|Any CPU
		{4B92F87C-779E-460C-B05F-C9E1105C8C02}.Release|Any CPU.ActiveCfg = Release|Any CPU
		{4B92F87C-779E-460C-B05F-C9E1105C8C02}.Release|Any CPU.Build.0 = Release|Any CPU
		{DEB08AA8-4217-4145-87BD-B00CB038A955}.Debug|Any CPU.ActiveCfg = Debug|Any CPU
		{DEB08AA8-4217-4145-87BD-B00CB038A955}.Debug|Any CPU.Build.0 = Debug|Any CPU
		{DEB08AA8-4217-4145-87BD-B00CB038A955}.Release|Any CPU.ActiveCfg = Release|Any CPU
		{DEB08AA8-4217-4145-87BD-B00CB038A955}.Release|Any CPU.Build.0 = Release|Any CPU
		{E0050FC6-0D3D-49C0-9677-392DD5A0D27A}.Debug|Any CPU.ActiveCfg = Debug|Any CPU
		{E0050FC6-0D3D-49C0-9677-392DD5A0D27A}.Debug|Any CPU.Build.0 = Debug|Any CPU
		{E0050FC6-0D3D-49C0-9677-392DD5A0D27A}.Release|Any CPU.ActiveCfg = Release|Any CPU
		{E0050FC6-0D3D-49C0-9677-392DD5A0D27A}.Release|Any CPU.Build.0 = Release|Any CPU
		{DDAE885A-CD43-4D0B-8BB2-44AB4E88A09A}.Debug|Any CPU.ActiveCfg = Debug|Any CPU
		{DDAE885A-CD43-4D0B-8BB2-44AB4E88A09A}.Debug|Any CPU.Build.0 = Debug|Any CPU
		{DDAE885A-CD43-4D0B-8BB2-44AB4E88A09A}.Release|Any CPU.ActiveCfg = Release|Any CPU
		{DDAE885A-CD43-4D0B-8BB2-44AB4E88A09A}.Release|Any CPU.Build.0 = Release|Any CPU
		{C2F3516E-5874-4542-8B6D-D9BDDF2B28ED}.Debug|Any CPU.ActiveCfg = Debug|Any CPU
		{C2F3516E-5874-4542-8B6D-D9BDDF2B28ED}.Debug|Any CPU.Build.0 = Debug|Any CPU
		{C2F3516E-5874-4542-8B6D-D9BDDF2B28ED}.Release|Any CPU.ActiveCfg = Release|Any CPU
		{C2F3516E-5874-4542-8B6D-D9BDDF2B28ED}.Release|Any CPU.Build.0 = Release|Any CPU
		{3DF14838-6194-4833-9622-FBF2BBC8DFE3}.Debug|Any CPU.ActiveCfg = Debug|Any CPU
		{3DF14838-6194-4833-9622-FBF2BBC8DFE3}.Debug|Any CPU.Build.0 = Debug|Any CPU
		{3DF14838-6194-4833-9622-FBF2BBC8DFE3}.Release|Any CPU.ActiveCfg = Release|Any CPU
		{3DF14838-6194-4833-9622-FBF2BBC8DFE3}.Release|Any CPU.Build.0 = Release|Any CPU
		{C0440064-63C8-47F9-BE96-5C69D8C5119D}.Debug|Any CPU.ActiveCfg = Debug|Any CPU
		{C0440064-63C8-47F9-BE96-5C69D8C5119D}.Debug|Any CPU.Build.0 = Debug|Any CPU
		{C0440064-63C8-47F9-BE96-5C69D8C5119D}.Release|Any CPU.ActiveCfg = Release|Any CPU
		{C0440064-63C8-47F9-BE96-5C69D8C5119D}.Release|Any CPU.Build.0 = Release|Any CPU
		{B40E948D-CC0D-4565-BD57-88E0A0A5E147}.Debug|Any CPU.ActiveCfg = Debug|Any CPU
		{B40E948D-CC0D-4565-BD57-88E0A0A5E147}.Debug|Any CPU.Build.0 = Debug|Any CPU
		{B40E948D-CC0D-4565-BD57-88E0A0A5E147}.Release|Any CPU.ActiveCfg = Release|Any CPU
		{B40E948D-CC0D-4565-BD57-88E0A0A5E147}.Release|Any CPU.Build.0 = Release|Any CPU
		{066D2908-C281-4EE9-B763-EFA1B8387AE7}.Debug|Any CPU.ActiveCfg = Debug|Any CPU
		{066D2908-C281-4EE9-B763-EFA1B8387AE7}.Debug|Any CPU.Build.0 = Debug|Any CPU
		{066D2908-C281-4EE9-B763-EFA1B8387AE7}.Release|Any CPU.ActiveCfg = Release|Any CPU
		{066D2908-C281-4EE9-B763-EFA1B8387AE7}.Release|Any CPU.Build.0 = Release|Any CPU
		{6760B683-1021-4C4C-A261-02831BF41E6E}.Debug|Any CPU.ActiveCfg = Debug|Any CPU
		{6760B683-1021-4C4C-A261-02831BF41E6E}.Debug|Any CPU.Build.0 = Debug|Any CPU
		{6760B683-1021-4C4C-A261-02831BF41E6E}.Release|Any CPU.ActiveCfg = Release|Any CPU
		{6760B683-1021-4C4C-A261-02831BF41E6E}.Release|Any CPU.Build.0 = Release|Any CPU
		{B482F5F7-AA70-48EA-AA05-9894FFC471C9}.Debug|Any CPU.ActiveCfg = Debug|Any CPU
		{B482F5F7-AA70-48EA-AA05-9894FFC471C9}.Debug|Any CPU.Build.0 = Debug|Any CPU
		{B482F5F7-AA70-48EA-AA05-9894FFC471C9}.Release|Any CPU.ActiveCfg = Release|Any CPU
		{B482F5F7-AA70-48EA-AA05-9894FFC471C9}.Release|Any CPU.Build.0 = Release|Any CPU
		{99F9375D-F1F2-4E13-89B3-9A266392B088}.Debug|Any CPU.ActiveCfg = Debug|Any CPU
		{99F9375D-F1F2-4E13-89B3-9A266392B088}.Debug|Any CPU.Build.0 = Debug|Any CPU
		{99F9375D-F1F2-4E13-89B3-9A266392B088}.Release|Any CPU.ActiveCfg = Release|Any CPU
		{99F9375D-F1F2-4E13-89B3-9A266392B088}.Release|Any CPU.Build.0 = Release|Any CPU
		{F31BDE23-A6F4-4F6E-87F9-37241DF67EF4}.Debug|Any CPU.ActiveCfg = Debug|Any CPU
		{F31BDE23-A6F4-4F6E-87F9-37241DF67EF4}.Debug|Any CPU.Build.0 = Debug|Any CPU
		{F31BDE23-A6F4-4F6E-87F9-37241DF67EF4}.Release|Any CPU.ActiveCfg = Release|Any CPU
		{F31BDE23-A6F4-4F6E-87F9-37241DF67EF4}.Release|Any CPU.Build.0 = Release|Any CPU
		{A94E5F79-BF42-4ADC-AC4C-E524A9E88582}.Debug|Any CPU.ActiveCfg = Debug|Any CPU
		{A94E5F79-BF42-4ADC-AC4C-E524A9E88582}.Debug|Any CPU.Build.0 = Debug|Any CPU
		{A94E5F79-BF42-4ADC-AC4C-E524A9E88582}.Release|Any CPU.ActiveCfg = Release|Any CPU
		{A94E5F79-BF42-4ADC-AC4C-E524A9E88582}.Release|Any CPU.Build.0 = Release|Any CPU
		{F45CA1DA-406D-4941-A7B4-2D6992F251C0}.Debug|Any CPU.ActiveCfg = Debug|Any CPU
		{F45CA1DA-406D-4941-A7B4-2D6992F251C0}.Debug|Any CPU.Build.0 = Debug|Any CPU
		{F45CA1DA-406D-4941-A7B4-2D6992F251C0}.Release|Any CPU.ActiveCfg = Release|Any CPU
		{F45CA1DA-406D-4941-A7B4-2D6992F251C0}.Release|Any CPU.Build.0 = Release|Any CPU
		{56D89D5F-9F4B-4FD2-ACB2-9335F0708071}.Debug|Any CPU.ActiveCfg = Debug|Any CPU
		{56D89D5F-9F4B-4FD2-ACB2-9335F0708071}.Debug|Any CPU.Build.0 = Debug|Any CPU
		{56D89D5F-9F4B-4FD2-ACB2-9335F0708071}.Release|Any CPU.ActiveCfg = Release|Any CPU
		{56D89D5F-9F4B-4FD2-ACB2-9335F0708071}.Release|Any CPU.Build.0 = Release|Any CPU
		{AE7F201C-CEB2-4D33-80D6-8543A8D182FB}.Debug|Any CPU.ActiveCfg = Debug|Any CPU
		{AE7F201C-CEB2-4D33-80D6-8543A8D182FB}.Debug|Any CPU.Build.0 = Debug|Any CPU
		{AE7F201C-CEB2-4D33-80D6-8543A8D182FB}.Release|Any CPU.ActiveCfg = Release|Any CPU
		{AE7F201C-CEB2-4D33-80D6-8543A8D182FB}.Release|Any CPU.Build.0 = Release|Any CPU
		{9E8E9FEF-D6B6-40B0-9907-B750518496B7}.Debug|Any CPU.ActiveCfg = Debug|Any CPU
		{9E8E9FEF-D6B6-40B0-9907-B750518496B7}.Debug|Any CPU.Build.0 = Debug|Any CPU
		{9E8E9FEF-D6B6-40B0-9907-B750518496B7}.Release|Any CPU.ActiveCfg = Release|Any CPU
		{9E8E9FEF-D6B6-40B0-9907-B750518496B7}.Release|Any CPU.Build.0 = Release|Any CPU
		{89E41F30-5B7A-44A0-9812-652B0DD5ED4C}.Debug|Any CPU.ActiveCfg = Debug|Any CPU
		{89E41F30-5B7A-44A0-9812-652B0DD5ED4C}.Debug|Any CPU.Build.0 = Debug|Any CPU
		{89E41F30-5B7A-44A0-9812-652B0DD5ED4C}.Release|Any CPU.ActiveCfg = Release|Any CPU
		{89E41F30-5B7A-44A0-9812-652B0DD5ED4C}.Release|Any CPU.Build.0 = Release|Any CPU
		{4A57A949-B3AB-457F-B696-43F7F1FC9A17}.Debug|Any CPU.ActiveCfg = Debug|Any CPU
		{4A57A949-B3AB-457F-B696-43F7F1FC9A17}.Debug|Any CPU.Build.0 = Debug|Any CPU
		{4A57A949-B3AB-457F-B696-43F7F1FC9A17}.Release|Any CPU.ActiveCfg = Release|Any CPU
		{4A57A949-B3AB-457F-B696-43F7F1FC9A17}.Release|Any CPU.Build.0 = Release|Any CPU
		{6E8A1429-91C6-4D33-B8C3-50E1EDDBA787}.Debug|Any CPU.ActiveCfg = Debug|Any CPU
		{6E8A1429-91C6-4D33-B8C3-50E1EDDBA787}.Debug|Any CPU.Build.0 = Debug|Any CPU
		{6E8A1429-91C6-4D33-B8C3-50E1EDDBA787}.Release|Any CPU.ActiveCfg = Release|Any CPU
		{6E8A1429-91C6-4D33-B8C3-50E1EDDBA787}.Release|Any CPU.Build.0 = Release|Any CPU
		{C7850B19-269F-43E4-A615-85ADCC3E582A}.Debug|Any CPU.ActiveCfg = Debug|Any CPU
		{C7850B19-269F-43E4-A615-85ADCC3E582A}.Debug|Any CPU.Build.0 = Debug|Any CPU
		{C7850B19-269F-43E4-A615-85ADCC3E582A}.Release|Any CPU.ActiveCfg = Release|Any CPU
		{C7850B19-269F-43E4-A615-85ADCC3E582A}.Release|Any CPU.Build.0 = Release|Any CPU
		{71B757EA-FD22-4527-A057-AE992200D233}.Debug|Any CPU.ActiveCfg = Debug|Any CPU
		{71B757EA-FD22-4527-A057-AE992200D233}.Debug|Any CPU.Build.0 = Debug|Any CPU
		{71B757EA-FD22-4527-A057-AE992200D233}.Release|Any CPU.ActiveCfg = Release|Any CPU
		{71B757EA-FD22-4527-A057-AE992200D233}.Release|Any CPU.Build.0 = Release|Any CPU
		{E8D5A904-5B2B-457E-8EF4-B5318D192155}.Debug|Any CPU.ActiveCfg = Debug|Any CPU
		{E8D5A904-5B2B-457E-8EF4-B5318D192155}.Debug|Any CPU.Build.0 = Debug|Any CPU
		{E8D5A904-5B2B-457E-8EF4-B5318D192155}.Release|Any CPU.ActiveCfg = Release|Any CPU
		{E8D5A904-5B2B-457E-8EF4-B5318D192155}.Release|Any CPU.Build.0 = Release|Any CPU
		{BD549D1B-CA77-450C-94C7-29856EF3889B}.Debug|Any CPU.ActiveCfg = Debug|Any CPU
		{BD549D1B-CA77-450C-94C7-29856EF3889B}.Debug|Any CPU.Build.0 = Debug|Any CPU
		{BD549D1B-CA77-450C-94C7-29856EF3889B}.Release|Any CPU.ActiveCfg = Release|Any CPU
		{BD549D1B-CA77-450C-94C7-29856EF3889B}.Release|Any CPU.Build.0 = Release|Any CPU
		{66271060-1551-4EE3-B08E-DBF96838657B}.Debug|Any CPU.ActiveCfg = Debug|Any CPU
		{66271060-1551-4EE3-B08E-DBF96838657B}.Debug|Any CPU.Build.0 = Debug|Any CPU
		{66271060-1551-4EE3-B08E-DBF96838657B}.Release|Any CPU.ActiveCfg = Release|Any CPU
		{66271060-1551-4EE3-B08E-DBF96838657B}.Release|Any CPU.Build.0 = Release|Any CPU
		{5EBB822B-E97C-424C-9537-BD9260B3BB98}.Debug|Any CPU.ActiveCfg = Debug|Any CPU
		{5EBB822B-E97C-424C-9537-BD9260B3BB98}.Debug|Any CPU.Build.0 = Debug|Any CPU
		{5EBB822B-E97C-424C-9537-BD9260B3BB98}.Release|Any CPU.ActiveCfg = Release|Any CPU
		{5EBB822B-E97C-424C-9537-BD9260B3BB98}.Release|Any CPU.Build.0 = Release|Any CPU
	EndGlobalSection
	GlobalSection(SolutionProperties) = preSolution
		HideSolutionNode = FALSE
	EndGlobalSection
EndGlobal
