
Microsoft Visual Studio Solution File, Format Version 12.00
# Visual Studio 2013
VisualStudioVersion = 12.0.31101.0
MinimumVisualStudioVersion = 10.0.40219.1
Project("{FAE04EC0-301F-11D3-BF4B-00C04F79EFBC}") = "Zadacha_01", "Zadacha_01\Zadacha_01.csproj", "{882E4D54-7AA7-45D7-8512-D57CBC3A425D}"
EndProject
Project("{FAE04EC0-301F-11D3-BF4B-00C04F79EFBC}") = "Zadacha_02", "Zadacha_02\Zadacha_02.csproj", "{09463B0F-AB32-454E-890C-9A27B6368F08}"
EndProject
Project("{FAE04EC0-301F-11D3-BF4B-00C04F79EFBC}") = "Zadacha_03", "Zadacha_03\Zadacha_03.csproj", "{61A83FBC-F730-479F-B285-2CC6772AA2EE}"
EndProject
Project("{FAE04EC0-301F-11D3-BF4B-00C04F79EFBC}") = "Zadacha_04", "Zadacha_04\Zadacha_04.csproj", "{87ABF2D3-6DBB-4C98-A897-2EAA699898A2}"
EndProject
Project("{FAE04EC0-301F-11D3-BF4B-00C04F79EFBC}") = "Zadacha_05", "Zadacha_05\Zadacha_05.csproj", "{2D0CF299-6B5A-4021-B1B5-E752C61EE0D9}"
EndProject
Project("{FAE04EC0-301F-11D3-BF4B-00C04F79EFBC}") = "Zadacha_06", "Zadacha_06\Zadacha_06.csproj", "{1D80DBFA-7CA7-43FE-BC27-654FF12EFB2A}"
EndProject
Project("{FAE04EC0-301F-11D3-BF4B-00C04F79EFBC}") = "Zadacha_08", "Zadacha_08\Zadacha_08.csproj", "{08D9C5D0-27DC-472E-ADED-EA0E3E3A62B7}"
EndProject
Project("{FAE04EC0-301F-11D3-BF4B-00C04F79EFBC}") = "Zadacha_07", "Zadacha_07\Zadacha_07.csproj", "{8D42A0F6-F1B6-4F0E-B405-C5AE7FEADF77}"
EndProject
Project("{FAE04EC0-301F-11D3-BF4B-00C04F79EFBC}") = "Zadacha_10", "Zadacha_10\Zadacha_10.csproj", "{BCB9FBFC-542B-49BE-B772-F8CB51DF7E19}"
EndProject
Global
	GlobalSection(SolutionConfigurationPlatforms) = preSolution
		Debug|Any CPU = Debug|Any CPU
		Release|Any CPU = Release|Any CPU
	EndGlobalSection
	GlobalSection(ProjectConfigurationPlatforms) = postSolution
		{882E4D54-7AA7-45D7-8512-D57CBC3A425D}.Debug|Any CPU.ActiveCfg = Debug|Any CPU
		{882E4D54-7AA7-45D7-8512-D57CBC3A425D}.Debug|Any CPU.Build.0 = Debug|Any CPU
		{882E4D54-7AA7-45D7-8512-D57CBC3A425D}.Release|Any CPU.ActiveCfg = Release|Any CPU
		{882E4D54-7AA7-45D7-8512-D57CBC3A425D}.Release|Any CPU.Build.0 = Release|Any CPU
		{09463B0F-AB32-454E-890C-9A27B6368F08}.Debug|Any CPU.ActiveCfg = Debug|Any CPU
		{09463B0F-AB32-454E-890C-9A27B6368F08}.Debug|Any CPU.Build.0 = Debug|Any CPU
		{09463B0F-AB32-454E-890C-9A27B6368F08}.Release|Any CPU.ActiveCfg = Release|Any CPU
		{09463B0F-AB32-454E-890C-9A27B6368F08}.Release|Any CPU.Build.0 = Release|Any CPU
		{61A83FBC-F730-479F-B285-2CC6772AA2EE}.Debug|Any CPU.ActiveCfg = Debug|Any CPU
		{61A83FBC-F730-479F-B285-2CC6772AA2EE}.Debug|Any CPU.Build.0 = Debug|Any CPU
		{61A83FBC-F730-479F-B285-2CC6772AA2EE}.Release|Any CPU.ActiveCfg = Release|Any CPU
		{61A83FBC-F730-479F-B285-2CC6772AA2EE}.Release|Any CPU.Build.0 = Release|Any CPU
		{87ABF2D3-6DBB-4C98-A897-2EAA699898A2}.Debug|Any CPU.ActiveCfg = Debug|Any CPU
		{87ABF2D3-6DBB-4C98-A897-2EAA699898A2}.Debug|Any CPU.Build.0 = Debug|Any CPU
		{87ABF2D3-6DBB-4C98-A897-2EAA699898A2}.Release|Any CPU.ActiveCfg = Release|Any CPU
		{87ABF2D3-6DBB-4C98-A897-2EAA699898A2}.Release|Any CPU.Build.0 = Release|Any CPU
		{2D0CF299-6B5A-4021-B1B5-E752C61EE0D9}.Debug|Any CPU.ActiveCfg = Debug|Any CPU
		{2D0CF299-6B5A-4021-B1B5-E752C61EE0D9}.Debug|Any CPU.Build.0 = Debug|Any CPU
		{2D0CF299-6B5A-4021-B1B5-E752C61EE0D9}.Release|Any CPU.ActiveCfg = Release|Any CPU
		{2D0CF299-6B5A-4021-B1B5-E752C61EE0D9}.Release|Any CPU.Build.0 = Release|Any CPU
		{1D80DBFA-7CA7-43FE-BC27-654FF12EFB2A}.Debug|Any CPU.ActiveCfg = Debug|Any CPU
		{1D80DBFA-7CA7-43FE-BC27-654FF12EFB2A}.Debug|Any CPU.Build.0 = Debug|Any CPU
		{1D80DBFA-7CA7-43FE-BC27-654FF12EFB2A}.Release|Any CPU.ActiveCfg = Release|Any CPU
		{1D80DBFA-7CA7-43FE-BC27-654FF12EFB2A}.Release|Any CPU.Build.0 = Release|Any CPU
		{08D9C5D0-27DC-472E-ADED-EA0E3E3A62B7}.Debug|Any CPU.ActiveCfg = Debug|Any CPU
		{08D9C5D0-27DC-472E-ADED-EA0E3E3A62B7}.Debug|Any CPU.Build.0 = Debug|Any CPU
		{08D9C5D0-27DC-472E-ADED-EA0E3E3A62B7}.Release|Any CPU.ActiveCfg = Release|Any CPU
		{08D9C5D0-27DC-472E-ADED-EA0E3E3A62B7}.Release|Any CPU.Build.0 = Release|Any CPU
		{8D42A0F6-F1B6-4F0E-B405-C5AE7FEADF77}.Debug|Any CPU.ActiveCfg = Debug|Any CPU
		{8D42A0F6-F1B6-4F0E-B405-C5AE7FEADF77}.Debug|Any CPU.Build.0 = Debug|Any CPU
		{8D42A0F6-F1B6-4F0E-B405-C5AE7FEADF77}.Release|Any CPU.ActiveCfg = Release|Any CPU
		{8D42A0F6-F1B6-4F0E-B405-C5AE7FEADF77}.Release|Any CPU.Build.0 = Release|Any CPU
		{BCB9FBFC-542B-49BE-B772-F8CB51DF7E19}.Debug|Any CPU.ActiveCfg = Debug|Any CPU
		{BCB9FBFC-542B-49BE-B772-F8CB51DF7E19}.Debug|Any CPU.Build.0 = Debug|Any CPU
		{BCB9FBFC-542B-49BE-B772-F8CB51DF7E19}.Release|Any CPU.ActiveCfg = Release|Any CPU
		{BCB9FBFC-542B-49BE-B772-F8CB51DF7E19}.Release|Any CPU.Build.0 = Release|Any CPU
	EndGlobalSection
	GlobalSection(SolutionProperties) = preSolution
		HideSolutionNode = FALSE
	EndGlobalSection
EndGlobal
