
Microsoft Visual Studio Solution File, Format Version 12.00
# Visual Studio 15
VisualStudioVersion = 15.0.27004.2010
MinimumVisualStudioVersion = 10.0.40219.1
Project("{FAE04EC0-301F-11D3-BF4B-00C04F79EFBC}") = "Zadacha_01", "Zadacha_01\Zadacha_01.csproj", "{882E4D54-7AA7-45D7-8512-D57CBC3A425D}"
EndProject
Project("{FAE04EC0-301F-11D3-BF4B-00C04F79EFBC}") = "Zadacha_02", "Zadacha_02\Zadacha_02.csproj", "{09463B0F-AB32-454E-890C-9A27B6368F08}"
EndProject
Project("{FAE04EC0-301F-11D3-BF4B-00C04F79EFBC}") = "Zadacha_03", "Zadacha_03\Zadacha_03.csproj", "{61A83FBC-F730-479F-B285-2CC6772AA2EE}"
EndProject
Project("{FAE04EC0-301F-11D3-BF4B-00C04F79EFBC}") = "Zadacha_04", "Zadacha_04\Zadacha_04.csproj", "{87ABF2D3-6DBB-4C98-A897-2EAA699898A2}"
EndProject
Project("{FAE04EC0-301F-11D3-BF4B-00C04F79EFBC}") = "Zadacha_05", "Zadacha_05\Zadacha_05.csproj", "{2D0CF299-6B5A-4021-B1B5-E752C61EE0D9}"
EndProject
Project("{FAE04EC0-301F-11D3-BF4B-00C04F79EFBC}") = "Zadacha_06", "Zadacha_06\Zadacha_06.csproj", "{1D80DBFA-7CA7-43FE-BC27-654FF12EFB2A}"
EndProject
Project("{FAE04EC0-301F-11D3-BF4B-00C04F79EFBC}") = "Zadacha_08", "Zadacha_08\Zadacha_08.csproj", "{08D9C5D0-27DC-472E-ADED-EA0E3E3A62B7}"
EndProject
Project("{FAE04EC0-301F-11D3-BF4B-00C04F79EFBC}") = "Zadacha_07", "Zadacha_07\Zadacha_07.csproj", "{8D42A0F6-F1B6-4F0E-B405-C5AE7FEADF77}"
EndProject
Project("{FAE04EC0-301F-11D3-BF4B-00C04F79EFBC}") = "Zadacha_10", "Zadacha_10\Zadacha_10.csproj", "{BCB9FBFC-542B-49BE-B772-F8CB51DF7E19}"
EndProject
Project("{FAE04EC0-301F-11D3-BF4B-00C04F79EFBC}") = "Zadacha_09", "Zadacha_09\Zadacha_09.csproj", "{10CD0FDD-8E34-4491-96C3-36362EBEF6F1}"
EndProject
Project("{FAE04EC0-301F-11D3-BF4B-00C04F79EFBC}") = "Zadacha_11", "Zadacha_11\Zadacha_11.csproj", "{F96E5447-8792-4491-927F-433E7A18BA8B}"
EndProject
Project("{FAE04EC0-301F-11D3-BF4B-00C04F79EFBC}") = "Zadacha_12", "Zadacha_12\Zadacha_12.csproj", "{3AB87F54-8FD7-485D-9FDC-F753BC8BA622}"
EndProject
Project("{FAE04EC0-301F-11D3-BF4B-00C04F79EFBC}") = "Zadacha_13", "Zadacha_13\Zadacha_13.csproj", "{1B65F369-5E78-46C3-AAE8-89B20CA92504}"
EndProject
Project("{FAE04EC0-301F-11D3-BF4B-00C04F79EFBC}") = "Zadacha_17", "Zadacha_17\Zadacha_17.csproj", "{40DC0266-F465-4297-AC99-27DCE7310D0B}"
EndProject
Project("{FAE04EC0-301F-11D3-BF4B-00C04F79EFBC}") = "Zadacha_18", "Zadacha_18\Zadacha_18.csproj", "{EA307B4B-B405-46DF-AB0F-BA4A02496F4F}"
EndProject
Project("{FAE04EC0-301F-11D3-BF4B-00C04F79EFBC}") = "Zadacha_14", "Zadacha_14\Zadacha_14.csproj", "{CFD9F908-9B26-4FA4-AE53-D7113DB740B1}"
EndProject
Project("{FAE04EC0-301F-11D3-BF4B-00C04F79EFBC}") = "Zadacha_15", "Zadacha_15\Zadacha_15.csproj", "{5DA7F55D-BBB7-43A7-BFD0-8B1A677DF9B9}"
EndProject
Project("{FAE04EC0-301F-11D3-BF4B-00C04F79EFBC}") = "Zadacha_21", "Zadacha_21\Zadacha_21.csproj", "{3A15C13E-8348-45E8-AFD7-720031721800}"
EndProject
Global
	GlobalSection(SolutionConfigurationPlatforms) = preSolution
		Debug|Any CPU = Debug|Any CPU
		Release|Any CPU = Release|Any CPU
	EndGlobalSection
	GlobalSection(ProjectConfigurationPlatforms) = postSolution
		{882E4D54-7AA7-45D7-8512-D57CBC3A425D}.Debug|Any CPU.ActiveCfg = Debug|Any CPU
		{882E4D54-7AA7-45D7-8512-D57CBC3A425D}.Debug|Any CPU.Build.0 = Debug|Any CPU
		{882E4D54-7AA7-45D7-8512-D57CBC3A425D}.Release|Any CPU.ActiveCfg = Release|Any CPU
		{882E4D54-7AA7-45D7-8512-D57CBC3A425D}.Release|Any CPU.Build.0 = Release|Any CPU
		{09463B0F-AB32-454E-890C-9A27B6368F08}.Debug|Any CPU.ActiveCfg = Debug|Any CPU
		{09463B0F-AB32-454E-890C-9A27B6368F08}.Debug|Any CPU.Build.0 = Debug|Any CPU
		{09463B0F-AB32-454E-890C-9A27B6368F08}.Release|Any CPU.ActiveCfg = Release|Any CPU
		{09463B0F-AB32-454E-890C-9A27B6368F08}.Release|Any CPU.Build.0 = Release|Any CPU
		{61A83FBC-F730-479F-B285-2CC6772AA2EE}.Debug|Any CPU.ActiveCfg = Debug|Any CPU
		{61A83FBC-F730-479F-B285-2CC6772AA2EE}.Debug|Any CPU.Build.0 = Debug|Any CPU
		{61A83FBC-F730-479F-B285-2CC6772AA2EE}.Release|Any CPU.ActiveCfg = Release|Any CPU
		{61A83FBC-F730-479F-B285-2CC6772AA2EE}.Release|Any CPU.Build.0 = Release|Any CPU
		{87ABF2D3-6DBB-4C98-A897-2EAA699898A2}.Debug|Any CPU.ActiveCfg = Debug|Any CPU
		{87ABF2D3-6DBB-4C98-A897-2EAA699898A2}.Debug|Any CPU.Build.0 = Debug|Any CPU
		{87ABF2D3-6DBB-4C98-A897-2EAA699898A2}.Release|Any CPU.ActiveCfg = Release|Any CPU
		{87ABF2D3-6DBB-4C98-A897-2EAA699898A2}.Release|Any CPU.Build.0 = Release|Any CPU
		{2D0CF299-6B5A-4021-B1B5-E752C61EE0D9}.Debug|Any CPU.ActiveCfg = Debug|Any CPU
		{2D0CF299-6B5A-4021-B1B5-E752C61EE0D9}.Debug|Any CPU.Build.0 = Debug|Any CPU
		{2D0CF299-6B5A-4021-B1B5-E752C61EE0D9}.Release|Any CPU.ActiveCfg = Release|Any CPU
		{2D0CF299-6B5A-4021-B1B5-E752C61EE0D9}.Release|Any CPU.Build.0 = Release|Any CPU
		{1D80DBFA-7CA7-43FE-BC27-654FF12EFB2A}.Debug|Any CPU.ActiveCfg = Debug|Any CPU
		{1D80DBFA-7CA7-43FE-BC27-654FF12EFB2A}.Debug|Any CPU.Build.0 = Debug|Any CPU
		{1D80DBFA-7CA7-43FE-BC27-654FF12EFB2A}.Release|Any CPU.ActiveCfg = Release|Any CPU
		{1D80DBFA-7CA7-43FE-BC27-654FF12EFB2A}.Release|Any CPU.Build.0 = Release|Any CPU
		{08D9C5D0-27DC-472E-ADED-EA0E3E3A62B7}.Debug|Any CPU.ActiveCfg = Debug|Any CPU
		{08D9C5D0-27DC-472E-ADED-EA0E3E3A62B7}.Debug|Any CPU.Build.0 = Debug|Any CPU
		{08D9C5D0-27DC-472E-ADED-EA0E3E3A62B7}.Release|Any CPU.ActiveCfg = Release|Any CPU
		{08D9C5D0-27DC-472E-ADED-EA0E3E3A62B7}.Release|Any CPU.Build.0 = Release|Any CPU
		{8D42A0F6-F1B6-4F0E-B405-C5AE7FEADF77}.Debug|Any CPU.ActiveCfg = Debug|Any CPU
		{8D42A0F6-F1B6-4F0E-B405-C5AE7FEADF77}.Debug|Any CPU.Build.0 = Debug|Any CPU
		{8D42A0F6-F1B6-4F0E-B405-C5AE7FEADF77}.Release|Any CPU.ActiveCfg = Release|Any CPU
		{8D42A0F6-F1B6-4F0E-B405-C5AE7FEADF77}.Release|Any CPU.Build.0 = Release|Any CPU
		{BCB9FBFC-542B-49BE-B772-F8CB51DF7E19}.Debug|Any CPU.ActiveCfg = Debug|Any CPU
		{BCB9FBFC-542B-49BE-B772-F8CB51DF7E19}.Debug|Any CPU.Build.0 = Debug|Any CPU
		{BCB9FBFC-542B-49BE-B772-F8CB51DF7E19}.Release|Any CPU.ActiveCfg = Release|Any CPU
		{BCB9FBFC-542B-49BE-B772-F8CB51DF7E19}.Release|Any CPU.Build.0 = Release|Any CPU
		{10CD0FDD-8E34-4491-96C3-36362EBEF6F1}.Debug|Any CPU.ActiveCfg = Debug|Any CPU
		{10CD0FDD-8E34-4491-96C3-36362EBEF6F1}.Debug|Any CPU.Build.0 = Debug|Any CPU
		{10CD0FDD-8E34-4491-96C3-36362EBEF6F1}.Release|Any CPU.ActiveCfg = Release|Any CPU
		{10CD0FDD-8E34-4491-96C3-36362EBEF6F1}.Release|Any CPU.Build.0 = Release|Any CPU
		{F96E5447-8792-4491-927F-433E7A18BA8B}.Debug|Any CPU.ActiveCfg = Debug|Any CPU
		{F96E5447-8792-4491-927F-433E7A18BA8B}.Debug|Any CPU.Build.0 = Debug|Any CPU
		{F96E5447-8792-4491-927F-433E7A18BA8B}.Release|Any CPU.ActiveCfg = Release|Any CPU
		{F96E5447-8792-4491-927F-433E7A18BA8B}.Release|Any CPU.Build.0 = Release|Any CPU
		{3AB87F54-8FD7-485D-9FDC-F753BC8BA622}.Debug|Any CPU.ActiveCfg = Debug|Any CPU
		{3AB87F54-8FD7-485D-9FDC-F753BC8BA622}.Debug|Any CPU.Build.0 = Debug|Any CPU
		{3AB87F54-8FD7-485D-9FDC-F753BC8BA622}.Release|Any CPU.ActiveCfg = Release|Any CPU
		{3AB87F54-8FD7-485D-9FDC-F753BC8BA622}.Release|Any CPU.Build.0 = Release|Any CPU
		{1B65F369-5E78-46C3-AAE8-89B20CA92504}.Debug|Any CPU.ActiveCfg = Debug|Any CPU
		{1B65F369-5E78-46C3-AAE8-89B20CA92504}.Debug|Any CPU.Build.0 = Debug|Any CPU
		{1B65F369-5E78-46C3-AAE8-89B20CA92504}.Release|Any CPU.ActiveCfg = Release|Any CPU
		{1B65F369-5E78-46C3-AAE8-89B20CA92504}.Release|Any CPU.Build.0 = Release|Any CPU
		{40DC0266-F465-4297-AC99-27DCE7310D0B}.Debug|Any CPU.ActiveCfg = Debug|Any CPU
		{40DC0266-F465-4297-AC99-27DCE7310D0B}.Debug|Any CPU.Build.0 = Debug|Any CPU
		{40DC0266-F465-4297-AC99-27DCE7310D0B}.Release|Any CPU.ActiveCfg = Release|Any CPU
		{40DC0266-F465-4297-AC99-27DCE7310D0B}.Release|Any CPU.Build.0 = Release|Any CPU
		{EA307B4B-B405-46DF-AB0F-BA4A02496F4F}.Debug|Any CPU.ActiveCfg = Debug|Any CPU
		{EA307B4B-B405-46DF-AB0F-BA4A02496F4F}.Debug|Any CPU.Build.0 = Debug|Any CPU
		{EA307B4B-B405-46DF-AB0F-BA4A02496F4F}.Release|Any CPU.ActiveCfg = Release|Any CPU
		{EA307B4B-B405-46DF-AB0F-BA4A02496F4F}.Release|Any CPU.Build.0 = Release|Any CPU
		{CFD9F908-9B26-4FA4-AE53-D7113DB740B1}.Debug|Any CPU.ActiveCfg = Debug|Any CPU
		{CFD9F908-9B26-4FA4-AE53-D7113DB740B1}.Debug|Any CPU.Build.0 = Debug|Any CPU
		{CFD9F908-9B26-4FA4-AE53-D7113DB740B1}.Release|Any CPU.ActiveCfg = Release|Any CPU
		{CFD9F908-9B26-4FA4-AE53-D7113DB740B1}.Release|Any CPU.Build.0 = Release|Any CPU
		{5DA7F55D-BBB7-43A7-BFD0-8B1A677DF9B9}.Debug|Any CPU.ActiveCfg = Debug|Any CPU
		{5DA7F55D-BBB7-43A7-BFD0-8B1A677DF9B9}.Debug|Any CPU.Build.0 = Debug|Any CPU
		{5DA7F55D-BBB7-43A7-BFD0-8B1A677DF9B9}.Release|Any CPU.ActiveCfg = Release|Any CPU
		{5DA7F55D-BBB7-43A7-BFD0-8B1A677DF9B9}.Release|Any CPU.Build.0 = Release|Any CPU
		{3A15C13E-8348-45E8-AFD7-720031721800}.Debug|Any CPU.ActiveCfg = Debug|Any CPU
		{3A15C13E-8348-45E8-AFD7-720031721800}.Debug|Any CPU.Build.0 = Debug|Any CPU
		{3A15C13E-8348-45E8-AFD7-720031721800}.Release|Any CPU.ActiveCfg = Release|Any CPU
		{3A15C13E-8348-45E8-AFD7-720031721800}.Release|Any CPU.Build.0 = Release|Any CPU
	EndGlobalSection
	GlobalSection(SolutionProperties) = preSolution
		HideSolutionNode = FALSE
	EndGlobalSection
	GlobalSection(ExtensibilityGlobals) = postSolution
		SolutionGuid = {BC7E3372-33D8-4017-8CC0-38DEB687271F}
	EndGlobalSection
EndGlobal
