
Microsoft Visual Studio Solution File, Format Version 12.00
# Visual Studio 15
VisualStudioVersion = 15.0.27130.2003
MinimumVisualStudioVersion = 10.0.40219.1
Project("{FAE04EC0-301F-11D3-BF4B-00C04F79EFBC}") = "Zadacha_01", "Zadacha_01\Zadacha_01.csproj", "{882E4D54-7AA7-45D7-8512-D57CBC3A425D}"
EndProject
Project("{FAE04EC0-301F-11D3-BF4B-00C04F79EFBC}") = "Zadacha_02", "Zadacha_02\Zadacha_02.csproj", "{09463B0F-AB32-454E-890C-9A27B6368F08}"
EndProject
Project("{FAE04EC0-301F-11D3-BF4B-00C04F79EFBC}") = "Zadacha_03", "Zadacha_03\Zadacha_03.csproj", "{61A83FBC-F730-479F-B285-2CC6772AA2EE}"
EndProject
Project("{FAE04EC0-301F-11D3-BF4B-00C04F79EFBC}") = "Zadacha_04", "Zadacha_04\Zadacha_04.csproj", "{87ABF2D3-6DBB-4C98-A897-2EAA699898A2}"
EndProject
Project("{FAE04EC0-301F-11D3-BF4B-00C04F79EFBC}") = "Zadacha_05", "Zadacha_05\Zadacha_05.csproj", "{2D0CF299-6B5A-4021-B1B5-E752C61EE0D9}"
EndProject
Project("{FAE04EC0-301F-11D3-BF4B-00C04F79EFBC}") = "Zadacha_06", "Zadacha_06\Zadacha_06.csproj", "{1D80DBFA-7CA7-43FE-BC27-654FF12EFB2A}"
EndProject
Project("{FAE04EC0-301F-11D3-BF4B-00C04F79EFBC}") = "Zadacha_08", "Zadacha_08\Zadacha_08.csproj", "{08D9C5D0-27DC-472E-ADED-EA0E3E3A62B7}"
EndProject
Project("{FAE04EC0-301F-11D3-BF4B-00C04F79EFBC}") = "Zadacha_07", "Zadacha_07\Zadacha_07.csproj", "{8D42A0F6-F1B6-4F0E-B405-C5AE7FEADF77}"
EndProject
Project("{FAE04EC0-301F-11D3-BF4B-00C04F79EFBC}") = "Zadacha_10", "Zadacha_10\Zadacha_10.csproj", "{BCB9FBFC-542B-49BE-B772-F8CB51DF7E19}"
EndProject
Project("{FAE04EC0-301F-11D3-BF4B-00C04F79EFBC}") = "Zadacha_09", "Zadacha_09\Zadacha_09.csproj", "{10CD0FDD-8E34-4491-96C3-36362EBEF6F1}"
EndProject
Project("{FAE04EC0-301F-11D3-BF4B-00C04F79EFBC}") = "Zadacha_11", "Zadacha_11\Zadacha_11.csproj", "{F96E5447-8792-4491-927F-433E7A18BA8B}"
EndProject
Project("{FAE04EC0-301F-11D3-BF4B-00C04F79EFBC}") = "Zadacha_12", "Zadacha_12\Zadacha_12.csproj", "{3AB87F54-8FD7-485D-9FDC-F753BC8BA622}"
EndProject
Project("{FAE04EC0-301F-11D3-BF4B-00C04F79EFBC}") = "Zadacha_13", "Zadacha_13\Zadacha_13.csproj", "{1B65F369-5E78-46C3-AAE8-89B20CA92504}"
EndProject
Project("{FAE04EC0-301F-11D3-BF4B-00C04F79EFBC}") = "Zadacha_17", "Zadacha_17\Zadacha_17.csproj", "{40DC0266-F465-4297-AC99-27DCE7310D0B}"
EndProject
Project("{FAE04EC0-301F-11D3-BF4B-00C04F79EFBC}") = "Zadacha_18", "Zadacha_18\Zadacha_18.csproj", "{EA307B4B-B405-46DF-AB0F-BA4A02496F4F}"
EndProject
Project("{FAE04EC0-301F-11D3-BF4B-00C04F79EFBC}") = "Zadacha_14", "Zadacha_14\Zadacha_14.csproj", "{CFD9F908-9B26-4FA4-AE53-D7113DB740B1}"
EndProject
Project("{FAE04EC0-301F-11D3-BF4B-00C04F79EFBC}") = "Zadacha_15", "Zadacha_15\Zadacha_15.csproj", "{5DA7F55D-BBB7-43A7-BFD0-8B1A677DF9B9}"
EndProject
Project("{FAE04EC0-301F-11D3-BF4B-00C04F79EFBC}") = "Zadacha_21", "Zadacha_21\Zadacha_21.csproj", "{3A15C13E-8348-45E8-AFD7-720031721800}"
EndProject
Project("{FAE04EC0-301F-11D3-BF4B-00C04F79EFBC}") = "Zadacha_16", "Zadacha_16\Zadacha_16.csproj", "{DFE16866-3E1C-487E-80E8-DE29FB2D3CDF}"
EndProject
Project("{FAE04EC0-301F-11D3-BF4B-00C04F79EFBC}") = "Zadacha_19", "Zadacha_19\Zadacha_19.csproj", "{D7780E52-CAEF-4683-915A-4224DCB8903B}"
EndProject
Project("{FAE04EC0-301F-11D3-BF4B-00C04F79EFBC}") = "Zadacha_5.1", "Zadacha_5.1\Zadacha_5.1.csproj", "{3B4BBB0C-059E-4624-BA67-0E699FF65C8D}"
EndProject
Project("{FAE04EC0-301F-11D3-BF4B-00C04F79EFBC}") = "Zadacha_5.2", "Zadacha_5.2\Zadacha_5.2.csproj", "{8399EA6E-2878-48F7-AA0A-A95D175114B1}"
EndProject
Project("{FAE04EC0-301F-11D3-BF4B-00C04F79EFBC}") = "Zadacha_5.3.1", "Zadacha_5.3\Zadacha_5.3.1.csproj", "{36685906-2761-4C35-B33C-E3E5E97B60F8}"
EndProject
Project("{FAE04EC0-301F-11D3-BF4B-00C04F79EFBC}") = "Zadacha_5.3.2", "Zadacha_5.3.2\Zadacha_5.3.2.csproj", "{0C84E8C6-31D7-420A-9B71-D68BED3959A4}"
EndProject
Project("{FAE04EC0-301F-11D3-BF4B-00C04F79EFBC}") = "Zadacha_5.3.3", "Zadacha_5.3.3\Zadacha_5.3.3.csproj", "{5172FA79-E4C1-44BF-9E04-54DEA11316DB}"
EndProject
Project("{FAE04EC0-301F-11D3-BF4B-00C04F79EFBC}") = "Zadacha_5.3.4", "Zadacha_5.3.4\Zadacha_5.3.4.csproj", "{8BCB08F1-84D2-4F4F-BC26-74A986D2079F}"
EndProject
Project("{FAE04EC0-301F-11D3-BF4B-00C04F79EFBC}") = "Zadacha_5.4.1", "Zadacha_5.4.1\Zadacha_5.4.1.csproj", "{8FB90770-5502-4AF7-9323-7172BCA8C306}"
EndProject
Project("{FAE04EC0-301F-11D3-BF4B-00C04F79EFBC}") = "Zadacha_5.4.2", "Zadacha_5.4.2\Zadacha_5.4.2.csproj", "{120C0D38-8EB1-48EF-B181-FDFAE2B91F95}"
EndProject
Project("{FAE04EC0-301F-11D3-BF4B-00C04F79EFBC}") = "Zadacha_5.5.1", "Zadacha_5.5.1\Zadacha_5.5.1.csproj", "{1ADD1068-ABF2-4F79-AA31-61EBDF4159F1}"
EndProject
Project("{FAE04EC0-301F-11D3-BF4B-00C04F79EFBC}") = "Zadacha_5.5.2", "Zadacha_5.5.2\Zadacha_5.5.2.csproj", "{AA111BD6-718C-4FE2-A550-BDD90E5B904F}"
EndProject
Project("{FAE04EC0-301F-11D3-BF4B-00C04F79EFBC}") = "Zadacha_5.6.1", "Zadacha_5.6.1\Zadacha_5.6.1.csproj", "{B1C4D1E8-2BE3-4992-911B-07161C03E13E}"
EndProject
Project("{FAE04EC0-301F-11D3-BF4B-00C04F79EFBC}") = "Zadacha_5.6.2", "Zadacha_5.6.2\Zadacha_5.6.2.csproj", "{F994D647-9198-4DBB-AD65-30171C6569FA}"
EndProject
Project("{FAE04EC0-301F-11D3-BF4B-00C04F79EFBC}") = "Zadacha_5.7", "Zadacha_5.7\Zadacha_5.7.csproj", "{0D238801-D68C-4A34-9930-CD45462DD672}"
EndProject
Project("{FAE04EC0-301F-11D3-BF4B-00C04F79EFBC}") = "Zadacha_5.8", "Zadacha_5.8\Zadacha_5.8.csproj", "{0055D6A2-E46E-4C49-B48D-103CEDC0FC0F}"
EndProject
Project("{FAE04EC0-301F-11D3-BF4B-00C04F79EFBC}") = "Zadacha_5.9", "Zadacha_5.9\Zadacha_5.9.csproj", "{105E7A33-970A-4CF1-B4BE-95E91801BBC5}"
EndProject
Project("{FAE04EC0-301F-11D3-BF4B-00C04F79EFBC}") = "Zadacha_5.10", "Zadacha_5.10\Zadacha_5.10.csproj", "{B676351D-6BAF-4269-95CC-623A252F6911}"
EndProject
Project("{FAE04EC0-301F-11D3-BF4B-00C04F79EFBC}") = "Zadacha_5.11", "Zadacha_5.11\Zadacha_5.11.csproj", "{FFB45694-54C5-4110-A37A-A46A7C6BDA05}"
EndProject
Project("{FAE04EC0-301F-11D3-BF4B-00C04F79EFBC}") = "Zadacha_5.13", "Zadacha_5.13\Zadacha_5.13.csproj", "{C171A54C-DEC8-4F42-AAB3-BBFEAA7B5BCA}"
EndProject
Project("{FAE04EC0-301F-11D3-BF4B-00C04F79EFBC}") = "Zadacha_5.14", "Zadacha_5.14\Zadacha_5.14.csproj", "{885C0A9C-001B-4F88-B2D3-E730BF7948D9}"
EndProject
Project("{FAE04EC0-301F-11D3-BF4B-00C04F79EFBC}") = "Zadacha_5.12", "Zadacha_5.12\Zadacha_5.12.csproj", "{7997F271-A7FF-444C-853C-D28B946CC0DD}"
EndProject
Project("{FAE04EC0-301F-11D3-BF4B-00C04F79EFBC}") = "Zadacha_5.15", "Zadacha_5.15\Zadacha_5.15.csproj", "{1B758C44-C45A-45E0-A32A-02AB8E96989A}"
EndProject
Project("{FAE04EC0-301F-11D3-BF4B-00C04F79EFBC}") = "Zadacha_22", "Zadacha_22\Zadacha_22.csproj", "{30160257-2637-4F13-B9A0-ED641162B7E1}"
EndProject
Project("{FAE04EC0-301F-11D3-BF4B-00C04F79EFBC}") = "Zadacha_5.16", "Zadacha_5.16\Zadacha_5.16.csproj", "{734E012F-6B74-4291-A0F3-1E27F6EC41FE}"
EndProject
Project("{FAE04EC0-301F-11D3-BF4B-00C04F79EFBC}") = "Zadacha_5.17", "Zadacha_5.17\Zadacha_5.17.csproj", "{CECFC135-1476-4408-A252-788FF1A3993F}"
EndProject
Project("{FAE04EC0-301F-11D3-BF4B-00C04F79EFBC}") = "Zadacha_5.18", "Zadacha_5.18\Zadacha_5.18.csproj", "{EB403EB4-33E5-495D-B422-BBA4C78DE013}"
EndProject
Project("{FAE04EC0-301F-11D3-BF4B-00C04F79EFBC}") = "Zadacha_5.19", "Zadacha_5.19\Zadacha_5.19.csproj", "{A2660831-0C2B-4462-9D52-C12CBC5B3716}"
EndProject
Project("{FAE04EC0-301F-11D3-BF4B-00C04F79EFBC}") = "Zadacha_5.20", "Zadacha_5.20\Zadacha_5.20.csproj", "{0B8074E4-7752-460C-A323-D5E59D0515DB}"
EndProject
Project("{FAE04EC0-301F-11D3-BF4B-00C04F79EFBC}") = "Zadacha_5.21", "Zadacha_5.21\Zadacha_5.21.csproj", "{B63B78C5-D9CF-44F4-BBF8-6B47253414A0}"
EndProject
Project("{FAE04EC0-301F-11D3-BF4B-00C04F79EFBC}") = "Zadacha_5.22", "Zadacha_5.22\Zadacha_5.22.csproj", "{1CDB5A38-6EC7-4F1E-8964-DCD14AD75F41}"
EndProject
Project("{FAE04EC0-301F-11D3-BF4B-00C04F79EFBC}") = "Zadacha_5.23", "Zadacha_5.23\Zadacha_5.23.csproj", "{D24F38C5-3EEE-4EBA-AF94-2989C4547F22}"
EndProject
Project("{FAE04EC0-301F-11D3-BF4B-00C04F79EFBC}") = "Zadacha_5.24", "Zadacha_5.24\Zadacha_5.24.csproj", "{46EF9596-74A3-4EC1-BA40-8D759D27B698}"
EndProject
Project("{FAE04EC0-301F-11D3-BF4B-00C04F79EFBC}") = "Zadacha_5.25", "Zadacha_5.25\Zadacha_5.25.csproj", "{769E96D9-7274-4F91-B86E-48DFD6C6A119}"
EndProject
Global
	GlobalSection(SolutionConfigurationPlatforms) = preSolution
		Debug|Any CPU = Debug|Any CPU
		Release|Any CPU = Release|Any CPU
	EndGlobalSection
	GlobalSection(ProjectConfigurationPlatforms) = postSolution
		{882E4D54-7AA7-45D7-8512-D57CBC3A425D}.Debug|Any CPU.ActiveCfg = Debug|Any CPU
		{882E4D54-7AA7-45D7-8512-D57CBC3A425D}.Debug|Any CPU.Build.0 = Debug|Any CPU
		{882E4D54-7AA7-45D7-8512-D57CBC3A425D}.Release|Any CPU.ActiveCfg = Release|Any CPU
		{882E4D54-7AA7-45D7-8512-D57CBC3A425D}.Release|Any CPU.Build.0 = Release|Any CPU
		{09463B0F-AB32-454E-890C-9A27B6368F08}.Debug|Any CPU.ActiveCfg = Debug|Any CPU
		{09463B0F-AB32-454E-890C-9A27B6368F08}.Debug|Any CPU.Build.0 = Debug|Any CPU
		{09463B0F-AB32-454E-890C-9A27B6368F08}.Release|Any CPU.ActiveCfg = Release|Any CPU
		{09463B0F-AB32-454E-890C-9A27B6368F08}.Release|Any CPU.Build.0 = Release|Any CPU
		{61A83FBC-F730-479F-B285-2CC6772AA2EE}.Debug|Any CPU.ActiveCfg = Debug|Any CPU
		{61A83FBC-F730-479F-B285-2CC6772AA2EE}.Debug|Any CPU.Build.0 = Debug|Any CPU
		{61A83FBC-F730-479F-B285-2CC6772AA2EE}.Release|Any CPU.ActiveCfg = Release|Any CPU
		{61A83FBC-F730-479F-B285-2CC6772AA2EE}.Release|Any CPU.Build.0 = Release|Any CPU
		{87ABF2D3-6DBB-4C98-A897-2EAA699898A2}.Debug|Any CPU.ActiveCfg = Debug|Any CPU
		{87ABF2D3-6DBB-4C98-A897-2EAA699898A2}.Debug|Any CPU.Build.0 = Debug|Any CPU
		{87ABF2D3-6DBB-4C98-A897-2EAA699898A2}.Release|Any CPU.ActiveCfg = Release|Any CPU
		{87ABF2D3-6DBB-4C98-A897-2EAA699898A2}.Release|Any CPU.Build.0 = Release|Any CPU
		{2D0CF299-6B5A-4021-B1B5-E752C61EE0D9}.Debug|Any CPU.ActiveCfg = Debug|Any CPU
		{2D0CF299-6B5A-4021-B1B5-E752C61EE0D9}.Debug|Any CPU.Build.0 = Debug|Any CPU
		{2D0CF299-6B5A-4021-B1B5-E752C61EE0D9}.Release|Any CPU.ActiveCfg = Release|Any CPU
		{2D0CF299-6B5A-4021-B1B5-E752C61EE0D9}.Release|Any CPU.Build.0 = Release|Any CPU
		{1D80DBFA-7CA7-43FE-BC27-654FF12EFB2A}.Debug|Any CPU.ActiveCfg = Debug|Any CPU
		{1D80DBFA-7CA7-43FE-BC27-654FF12EFB2A}.Debug|Any CPU.Build.0 = Debug|Any CPU
		{1D80DBFA-7CA7-43FE-BC27-654FF12EFB2A}.Release|Any CPU.ActiveCfg = Release|Any CPU
		{1D80DBFA-7CA7-43FE-BC27-654FF12EFB2A}.Release|Any CPU.Build.0 = Release|Any CPU
		{08D9C5D0-27DC-472E-ADED-EA0E3E3A62B7}.Debug|Any CPU.ActiveCfg = Debug|Any CPU
		{08D9C5D0-27DC-472E-ADED-EA0E3E3A62B7}.Debug|Any CPU.Build.0 = Debug|Any CPU
		{08D9C5D0-27DC-472E-ADED-EA0E3E3A62B7}.Release|Any CPU.ActiveCfg = Release|Any CPU
		{08D9C5D0-27DC-472E-ADED-EA0E3E3A62B7}.Release|Any CPU.Build.0 = Release|Any CPU
		{8D42A0F6-F1B6-4F0E-B405-C5AE7FEADF77}.Debug|Any CPU.ActiveCfg = Debug|Any CPU
		{8D42A0F6-F1B6-4F0E-B405-C5AE7FEADF77}.Debug|Any CPU.Build.0 = Debug|Any CPU
		{8D42A0F6-F1B6-4F0E-B405-C5AE7FEADF77}.Release|Any CPU.ActiveCfg = Release|Any CPU
		{8D42A0F6-F1B6-4F0E-B405-C5AE7FEADF77}.Release|Any CPU.Build.0 = Release|Any CPU
		{BCB9FBFC-542B-49BE-B772-F8CB51DF7E19}.Debug|Any CPU.ActiveCfg = Debug|Any CPU
		{BCB9FBFC-542B-49BE-B772-F8CB51DF7E19}.Debug|Any CPU.Build.0 = Debug|Any CPU
		{BCB9FBFC-542B-49BE-B772-F8CB51DF7E19}.Release|Any CPU.ActiveCfg = Release|Any CPU
		{BCB9FBFC-542B-49BE-B772-F8CB51DF7E19}.Release|Any CPU.Build.0 = Release|Any CPU
		{10CD0FDD-8E34-4491-96C3-36362EBEF6F1}.Debug|Any CPU.ActiveCfg = Debug|Any CPU
		{10CD0FDD-8E34-4491-96C3-36362EBEF6F1}.Debug|Any CPU.Build.0 = Debug|Any CPU
		{10CD0FDD-8E34-4491-96C3-36362EBEF6F1}.Release|Any CPU.ActiveCfg = Release|Any CPU
		{10CD0FDD-8E34-4491-96C3-36362EBEF6F1}.Release|Any CPU.Build.0 = Release|Any CPU
		{F96E5447-8792-4491-927F-433E7A18BA8B}.Debug|Any CPU.ActiveCfg = Debug|Any CPU
		{F96E5447-8792-4491-927F-433E7A18BA8B}.Debug|Any CPU.Build.0 = Debug|Any CPU
		{F96E5447-8792-4491-927F-433E7A18BA8B}.Release|Any CPU.ActiveCfg = Release|Any CPU
		{F96E5447-8792-4491-927F-433E7A18BA8B}.Release|Any CPU.Build.0 = Release|Any CPU
		{3AB87F54-8FD7-485D-9FDC-F753BC8BA622}.Debug|Any CPU.ActiveCfg = Debug|Any CPU
		{3AB87F54-8FD7-485D-9FDC-F753BC8BA622}.Debug|Any CPU.Build.0 = Debug|Any CPU
		{3AB87F54-8FD7-485D-9FDC-F753BC8BA622}.Release|Any CPU.ActiveCfg = Release|Any CPU
		{3AB87F54-8FD7-485D-9FDC-F753BC8BA622}.Release|Any CPU.Build.0 = Release|Any CPU
		{1B65F369-5E78-46C3-AAE8-89B20CA92504}.Debug|Any CPU.ActiveCfg = Debug|Any CPU
		{1B65F369-5E78-46C3-AAE8-89B20CA92504}.Debug|Any CPU.Build.0 = Debug|Any CPU
		{1B65F369-5E78-46C3-AAE8-89B20CA92504}.Release|Any CPU.ActiveCfg = Release|Any CPU
		{1B65F369-5E78-46C3-AAE8-89B20CA92504}.Release|Any CPU.Build.0 = Release|Any CPU
		{40DC0266-F465-4297-AC99-27DCE7310D0B}.Debug|Any CPU.ActiveCfg = Debug|Any CPU
		{40DC0266-F465-4297-AC99-27DCE7310D0B}.Debug|Any CPU.Build.0 = Debug|Any CPU
		{40DC0266-F465-4297-AC99-27DCE7310D0B}.Release|Any CPU.ActiveCfg = Release|Any CPU
		{40DC0266-F465-4297-AC99-27DCE7310D0B}.Release|Any CPU.Build.0 = Release|Any CPU
		{EA307B4B-B405-46DF-AB0F-BA4A02496F4F}.Debug|Any CPU.ActiveCfg = Debug|Any CPU
		{EA307B4B-B405-46DF-AB0F-BA4A02496F4F}.Debug|Any CPU.Build.0 = Debug|Any CPU
		{EA307B4B-B405-46DF-AB0F-BA4A02496F4F}.Release|Any CPU.ActiveCfg = Release|Any CPU
		{EA307B4B-B405-46DF-AB0F-BA4A02496F4F}.Release|Any CPU.Build.0 = Release|Any CPU
		{CFD9F908-9B26-4FA4-AE53-D7113DB740B1}.Debug|Any CPU.ActiveCfg = Debug|Any CPU
		{CFD9F908-9B26-4FA4-AE53-D7113DB740B1}.Debug|Any CPU.Build.0 = Debug|Any CPU
		{CFD9F908-9B26-4FA4-AE53-D7113DB740B1}.Release|Any CPU.ActiveCfg = Release|Any CPU
		{CFD9F908-9B26-4FA4-AE53-D7113DB740B1}.Release|Any CPU.Build.0 = Release|Any CPU
		{5DA7F55D-BBB7-43A7-BFD0-8B1A677DF9B9}.Debug|Any CPU.ActiveCfg = Debug|Any CPU
		{5DA7F55D-BBB7-43A7-BFD0-8B1A677DF9B9}.Debug|Any CPU.Build.0 = Debug|Any CPU
		{5DA7F55D-BBB7-43A7-BFD0-8B1A677DF9B9}.Release|Any CPU.ActiveCfg = Release|Any CPU
		{5DA7F55D-BBB7-43A7-BFD0-8B1A677DF9B9}.Release|Any CPU.Build.0 = Release|Any CPU
		{3A15C13E-8348-45E8-AFD7-720031721800}.Debug|Any CPU.ActiveCfg = Debug|Any CPU
		{3A15C13E-8348-45E8-AFD7-720031721800}.Debug|Any CPU.Build.0 = Debug|Any CPU
		{3A15C13E-8348-45E8-AFD7-720031721800}.Release|Any CPU.ActiveCfg = Release|Any CPU
		{3A15C13E-8348-45E8-AFD7-720031721800}.Release|Any CPU.Build.0 = Release|Any CPU
		{DFE16866-3E1C-487E-80E8-DE29FB2D3CDF}.Debug|Any CPU.ActiveCfg = Debug|Any CPU
		{DFE16866-3E1C-487E-80E8-DE29FB2D3CDF}.Debug|Any CPU.Build.0 = Debug|Any CPU
		{DFE16866-3E1C-487E-80E8-DE29FB2D3CDF}.Release|Any CPU.ActiveCfg = Release|Any CPU
		{DFE16866-3E1C-487E-80E8-DE29FB2D3CDF}.Release|Any CPU.Build.0 = Release|Any CPU
		{D7780E52-CAEF-4683-915A-4224DCB8903B}.Debug|Any CPU.ActiveCfg = Debug|Any CPU
		{D7780E52-CAEF-4683-915A-4224DCB8903B}.Debug|Any CPU.Build.0 = Debug|Any CPU
		{D7780E52-CAEF-4683-915A-4224DCB8903B}.Release|Any CPU.ActiveCfg = Release|Any CPU
		{D7780E52-CAEF-4683-915A-4224DCB8903B}.Release|Any CPU.Build.0 = Release|Any CPU
		{3B4BBB0C-059E-4624-BA67-0E699FF65C8D}.Debug|Any CPU.ActiveCfg = Debug|Any CPU
		{3B4BBB0C-059E-4624-BA67-0E699FF65C8D}.Debug|Any CPU.Build.0 = Debug|Any CPU
		{3B4BBB0C-059E-4624-BA67-0E699FF65C8D}.Release|Any CPU.ActiveCfg = Release|Any CPU
		{3B4BBB0C-059E-4624-BA67-0E699FF65C8D}.Release|Any CPU.Build.0 = Release|Any CPU
		{8399EA6E-2878-48F7-AA0A-A95D175114B1}.Debug|Any CPU.ActiveCfg = Debug|Any CPU
		{8399EA6E-2878-48F7-AA0A-A95D175114B1}.Debug|Any CPU.Build.0 = Debug|Any CPU
		{8399EA6E-2878-48F7-AA0A-A95D175114B1}.Release|Any CPU.ActiveCfg = Release|Any CPU
		{8399EA6E-2878-48F7-AA0A-A95D175114B1}.Release|Any CPU.Build.0 = Release|Any CPU
		{36685906-2761-4C35-B33C-E3E5E97B60F8}.Debug|Any CPU.ActiveCfg = Debug|Any CPU
		{36685906-2761-4C35-B33C-E3E5E97B60F8}.Debug|Any CPU.Build.0 = Debug|Any CPU
		{36685906-2761-4C35-B33C-E3E5E97B60F8}.Release|Any CPU.ActiveCfg = Release|Any CPU
		{36685906-2761-4C35-B33C-E3E5E97B60F8}.Release|Any CPU.Build.0 = Release|Any CPU
		{0C84E8C6-31D7-420A-9B71-D68BED3959A4}.Debug|Any CPU.ActiveCfg = Debug|Any CPU
		{0C84E8C6-31D7-420A-9B71-D68BED3959A4}.Debug|Any CPU.Build.0 = Debug|Any CPU
		{0C84E8C6-31D7-420A-9B71-D68BED3959A4}.Release|Any CPU.ActiveCfg = Release|Any CPU
		{0C84E8C6-31D7-420A-9B71-D68BED3959A4}.Release|Any CPU.Build.0 = Release|Any CPU
		{5172FA79-E4C1-44BF-9E04-54DEA11316DB}.Debug|Any CPU.ActiveCfg = Debug|Any CPU
		{5172FA79-E4C1-44BF-9E04-54DEA11316DB}.Debug|Any CPU.Build.0 = Debug|Any CPU
		{5172FA79-E4C1-44BF-9E04-54DEA11316DB}.Release|Any CPU.ActiveCfg = Release|Any CPU
		{5172FA79-E4C1-44BF-9E04-54DEA11316DB}.Release|Any CPU.Build.0 = Release|Any CPU
		{8BCB08F1-84D2-4F4F-BC26-74A986D2079F}.Debug|Any CPU.ActiveCfg = Debug|Any CPU
		{8BCB08F1-84D2-4F4F-BC26-74A986D2079F}.Debug|Any CPU.Build.0 = Debug|Any CPU
		{8BCB08F1-84D2-4F4F-BC26-74A986D2079F}.Release|Any CPU.ActiveCfg = Release|Any CPU
		{8BCB08F1-84D2-4F4F-BC26-74A986D2079F}.Release|Any CPU.Build.0 = Release|Any CPU
		{8FB90770-5502-4AF7-9323-7172BCA8C306}.Debug|Any CPU.ActiveCfg = Debug|Any CPU
		{8FB90770-5502-4AF7-9323-7172BCA8C306}.Debug|Any CPU.Build.0 = Debug|Any CPU
		{8FB90770-5502-4AF7-9323-7172BCA8C306}.Release|Any CPU.ActiveCfg = Release|Any CPU
		{8FB90770-5502-4AF7-9323-7172BCA8C306}.Release|Any CPU.Build.0 = Release|Any CPU
		{120C0D38-8EB1-48EF-B181-FDFAE2B91F95}.Debug|Any CPU.ActiveCfg = Debug|Any CPU
		{120C0D38-8EB1-48EF-B181-FDFAE2B91F95}.Debug|Any CPU.Build.0 = Debug|Any CPU
		{120C0D38-8EB1-48EF-B181-FDFAE2B91F95}.Release|Any CPU.ActiveCfg = Release|Any CPU
		{120C0D38-8EB1-48EF-B181-FDFAE2B91F95}.Release|Any CPU.Build.0 = Release|Any CPU
		{1ADD1068-ABF2-4F79-AA31-61EBDF4159F1}.Debug|Any CPU.ActiveCfg = Debug|Any CPU
		{1ADD1068-ABF2-4F79-AA31-61EBDF4159F1}.Debug|Any CPU.Build.0 = Debug|Any CPU
		{1ADD1068-ABF2-4F79-AA31-61EBDF4159F1}.Release|Any CPU.ActiveCfg = Release|Any CPU
		{1ADD1068-ABF2-4F79-AA31-61EBDF4159F1}.Release|Any CPU.Build.0 = Release|Any CPU
		{AA111BD6-718C-4FE2-A550-BDD90E5B904F}.Debug|Any CPU.ActiveCfg = Debug|Any CPU
		{AA111BD6-718C-4FE2-A550-BDD90E5B904F}.Debug|Any CPU.Build.0 = Debug|Any CPU
		{AA111BD6-718C-4FE2-A550-BDD90E5B904F}.Release|Any CPU.ActiveCfg = Release|Any CPU
		{AA111BD6-718C-4FE2-A550-BDD90E5B904F}.Release|Any CPU.Build.0 = Release|Any CPU
		{B1C4D1E8-2BE3-4992-911B-07161C03E13E}.Debug|Any CPU.ActiveCfg = Debug|Any CPU
		{B1C4D1E8-2BE3-4992-911B-07161C03E13E}.Debug|Any CPU.Build.0 = Debug|Any CPU
		{B1C4D1E8-2BE3-4992-911B-07161C03E13E}.Release|Any CPU.ActiveCfg = Release|Any CPU
		{B1C4D1E8-2BE3-4992-911B-07161C03E13E}.Release|Any CPU.Build.0 = Release|Any CPU
		{F994D647-9198-4DBB-AD65-30171C6569FA}.Debug|Any CPU.ActiveCfg = Debug|Any CPU
		{F994D647-9198-4DBB-AD65-30171C6569FA}.Debug|Any CPU.Build.0 = Debug|Any CPU
		{F994D647-9198-4DBB-AD65-30171C6569FA}.Release|Any CPU.ActiveCfg = Release|Any CPU
		{F994D647-9198-4DBB-AD65-30171C6569FA}.Release|Any CPU.Build.0 = Release|Any CPU
		{0D238801-D68C-4A34-9930-CD45462DD672}.Debug|Any CPU.ActiveCfg = Debug|Any CPU
		{0D238801-D68C-4A34-9930-CD45462DD672}.Debug|Any CPU.Build.0 = Debug|Any CPU
		{0D238801-D68C-4A34-9930-CD45462DD672}.Release|Any CPU.ActiveCfg = Release|Any CPU
		{0D238801-D68C-4A34-9930-CD45462DD672}.Release|Any CPU.Build.0 = Release|Any CPU
		{0055D6A2-E46E-4C49-B48D-103CEDC0FC0F}.Debug|Any CPU.ActiveCfg = Debug|Any CPU
		{0055D6A2-E46E-4C49-B48D-103CEDC0FC0F}.Debug|Any CPU.Build.0 = Debug|Any CPU
		{0055D6A2-E46E-4C49-B48D-103CEDC0FC0F}.Release|Any CPU.ActiveCfg = Release|Any CPU
		{0055D6A2-E46E-4C49-B48D-103CEDC0FC0F}.Release|Any CPU.Build.0 = Release|Any CPU
		{105E7A33-970A-4CF1-B4BE-95E91801BBC5}.Debug|Any CPU.ActiveCfg = Debug|Any CPU
		{105E7A33-970A-4CF1-B4BE-95E91801BBC5}.Debug|Any CPU.Build.0 = Debug|Any CPU
		{105E7A33-970A-4CF1-B4BE-95E91801BBC5}.Release|Any CPU.ActiveCfg = Release|Any CPU
		{105E7A33-970A-4CF1-B4BE-95E91801BBC5}.Release|Any CPU.Build.0 = Release|Any CPU
		{B676351D-6BAF-4269-95CC-623A252F6911}.Debug|Any CPU.ActiveCfg = Debug|Any CPU
		{B676351D-6BAF-4269-95CC-623A252F6911}.Debug|Any CPU.Build.0 = Debug|Any CPU
		{B676351D-6BAF-4269-95CC-623A252F6911}.Release|Any CPU.ActiveCfg = Release|Any CPU
		{B676351D-6BAF-4269-95CC-623A252F6911}.Release|Any CPU.Build.0 = Release|Any CPU
		{FFB45694-54C5-4110-A37A-A46A7C6BDA05}.Debug|Any CPU.ActiveCfg = Debug|Any CPU
		{FFB45694-54C5-4110-A37A-A46A7C6BDA05}.Debug|Any CPU.Build.0 = Debug|Any CPU
		{FFB45694-54C5-4110-A37A-A46A7C6BDA05}.Release|Any CPU.ActiveCfg = Release|Any CPU
		{FFB45694-54C5-4110-A37A-A46A7C6BDA05}.Release|Any CPU.Build.0 = Release|Any CPU
		{C171A54C-DEC8-4F42-AAB3-BBFEAA7B5BCA}.Debug|Any CPU.ActiveCfg = Debug|Any CPU
		{C171A54C-DEC8-4F42-AAB3-BBFEAA7B5BCA}.Debug|Any CPU.Build.0 = Debug|Any CPU
		{C171A54C-DEC8-4F42-AAB3-BBFEAA7B5BCA}.Release|Any CPU.ActiveCfg = Release|Any CPU
		{C171A54C-DEC8-4F42-AAB3-BBFEAA7B5BCA}.Release|Any CPU.Build.0 = Release|Any CPU
		{885C0A9C-001B-4F88-B2D3-E730BF7948D9}.Debug|Any CPU.ActiveCfg = Debug|Any CPU
		{885C0A9C-001B-4F88-B2D3-E730BF7948D9}.Debug|Any CPU.Build.0 = Debug|Any CPU
		{885C0A9C-001B-4F88-B2D3-E730BF7948D9}.Release|Any CPU.ActiveCfg = Release|Any CPU
		{885C0A9C-001B-4F88-B2D3-E730BF7948D9}.Release|Any CPU.Build.0 = Release|Any CPU
		{7997F271-A7FF-444C-853C-D28B946CC0DD}.Debug|Any CPU.ActiveCfg = Debug|Any CPU
		{7997F271-A7FF-444C-853C-D28B946CC0DD}.Debug|Any CPU.Build.0 = Debug|Any CPU
		{7997F271-A7FF-444C-853C-D28B946CC0DD}.Release|Any CPU.ActiveCfg = Release|Any CPU
		{7997F271-A7FF-444C-853C-D28B946CC0DD}.Release|Any CPU.Build.0 = Release|Any CPU
		{1B758C44-C45A-45E0-A32A-02AB8E96989A}.Debug|Any CPU.ActiveCfg = Debug|Any CPU
		{1B758C44-C45A-45E0-A32A-02AB8E96989A}.Debug|Any CPU.Build.0 = Debug|Any CPU
		{1B758C44-C45A-45E0-A32A-02AB8E96989A}.Release|Any CPU.ActiveCfg = Release|Any CPU
		{1B758C44-C45A-45E0-A32A-02AB8E96989A}.Release|Any CPU.Build.0 = Release|Any CPU
		{30160257-2637-4F13-B9A0-ED641162B7E1}.Debug|Any CPU.ActiveCfg = Debug|Any CPU
		{30160257-2637-4F13-B9A0-ED641162B7E1}.Debug|Any CPU.Build.0 = Debug|Any CPU
		{30160257-2637-4F13-B9A0-ED641162B7E1}.Release|Any CPU.ActiveCfg = Release|Any CPU
		{30160257-2637-4F13-B9A0-ED641162B7E1}.Release|Any CPU.Build.0 = Release|Any CPU
		{734E012F-6B74-4291-A0F3-1E27F6EC41FE}.Debug|Any CPU.ActiveCfg = Debug|Any CPU
		{734E012F-6B74-4291-A0F3-1E27F6EC41FE}.Debug|Any CPU.Build.0 = Debug|Any CPU
		{734E012F-6B74-4291-A0F3-1E27F6EC41FE}.Release|Any CPU.ActiveCfg = Release|Any CPU
		{734E012F-6B74-4291-A0F3-1E27F6EC41FE}.Release|Any CPU.Build.0 = Release|Any CPU
		{CECFC135-1476-4408-A252-788FF1A3993F}.Debug|Any CPU.ActiveCfg = Debug|Any CPU
		{CECFC135-1476-4408-A252-788FF1A3993F}.Debug|Any CPU.Build.0 = Debug|Any CPU
		{CECFC135-1476-4408-A252-788FF1A3993F}.Release|Any CPU.ActiveCfg = Release|Any CPU
		{CECFC135-1476-4408-A252-788FF1A3993F}.Release|Any CPU.Build.0 = Release|Any CPU
		{EB403EB4-33E5-495D-B422-BBA4C78DE013}.Debug|Any CPU.ActiveCfg = Debug|Any CPU
		{EB403EB4-33E5-495D-B422-BBA4C78DE013}.Debug|Any CPU.Build.0 = Debug|Any CPU
		{EB403EB4-33E5-495D-B422-BBA4C78DE013}.Release|Any CPU.ActiveCfg = Release|Any CPU
		{EB403EB4-33E5-495D-B422-BBA4C78DE013}.Release|Any CPU.Build.0 = Release|Any CPU
		{A2660831-0C2B-4462-9D52-C12CBC5B3716}.Debug|Any CPU.ActiveCfg = Debug|Any CPU
		{A2660831-0C2B-4462-9D52-C12CBC5B3716}.Debug|Any CPU.Build.0 = Debug|Any CPU
		{A2660831-0C2B-4462-9D52-C12CBC5B3716}.Release|Any CPU.ActiveCfg = Release|Any CPU
		{A2660831-0C2B-4462-9D52-C12CBC5B3716}.Release|Any CPU.Build.0 = Release|Any CPU
		{0B8074E4-7752-460C-A323-D5E59D0515DB}.Debug|Any CPU.ActiveCfg = Debug|Any CPU
		{0B8074E4-7752-460C-A323-D5E59D0515DB}.Debug|Any CPU.Build.0 = Debug|Any CPU
		{0B8074E4-7752-460C-A323-D5E59D0515DB}.Release|Any CPU.ActiveCfg = Release|Any CPU
		{0B8074E4-7752-460C-A323-D5E59D0515DB}.Release|Any CPU.Build.0 = Release|Any CPU
		{B63B78C5-D9CF-44F4-BBF8-6B47253414A0}.Debug|Any CPU.ActiveCfg = Debug|Any CPU
		{B63B78C5-D9CF-44F4-BBF8-6B47253414A0}.Debug|Any CPU.Build.0 = Debug|Any CPU
		{B63B78C5-D9CF-44F4-BBF8-6B47253414A0}.Release|Any CPU.ActiveCfg = Release|Any CPU
		{B63B78C5-D9CF-44F4-BBF8-6B47253414A0}.Release|Any CPU.Build.0 = Release|Any CPU
		{1CDB5A38-6EC7-4F1E-8964-DCD14AD75F41}.Debug|Any CPU.ActiveCfg = Debug|Any CPU
		{1CDB5A38-6EC7-4F1E-8964-DCD14AD75F41}.Debug|Any CPU.Build.0 = Debug|Any CPU
		{1CDB5A38-6EC7-4F1E-8964-DCD14AD75F41}.Release|Any CPU.ActiveCfg = Release|Any CPU
		{1CDB5A38-6EC7-4F1E-8964-DCD14AD75F41}.Release|Any CPU.Build.0 = Release|Any CPU
		{D24F38C5-3EEE-4EBA-AF94-2989C4547F22}.Debug|Any CPU.ActiveCfg = Debug|Any CPU
		{D24F38C5-3EEE-4EBA-AF94-2989C4547F22}.Debug|Any CPU.Build.0 = Debug|Any CPU
		{D24F38C5-3EEE-4EBA-AF94-2989C4547F22}.Release|Any CPU.ActiveCfg = Release|Any CPU
		{D24F38C5-3EEE-4EBA-AF94-2989C4547F22}.Release|Any CPU.Build.0 = Release|Any CPU
		{46EF9596-74A3-4EC1-BA40-8D759D27B698}.Debug|Any CPU.ActiveCfg = Debug|Any CPU
		{46EF9596-74A3-4EC1-BA40-8D759D27B698}.Debug|Any CPU.Build.0 = Debug|Any CPU
		{46EF9596-74A3-4EC1-BA40-8D759D27B698}.Release|Any CPU.ActiveCfg = Release|Any CPU
		{46EF9596-74A3-4EC1-BA40-8D759D27B698}.Release|Any CPU.Build.0 = Release|Any CPU
		{769E96D9-7274-4F91-B86E-48DFD6C6A119}.Debug|Any CPU.ActiveCfg = Debug|Any CPU
		{769E96D9-7274-4F91-B86E-48DFD6C6A119}.Debug|Any CPU.Build.0 = Debug|Any CPU
		{769E96D9-7274-4F91-B86E-48DFD6C6A119}.Release|Any CPU.ActiveCfg = Release|Any CPU
		{769E96D9-7274-4F91-B86E-48DFD6C6A119}.Release|Any CPU.Build.0 = Release|Any CPU
	EndGlobalSection
	GlobalSection(SolutionProperties) = preSolution
		HideSolutionNode = FALSE
	EndGlobalSection
	GlobalSection(ExtensibilityGlobals) = postSolution
		SolutionGuid = {BC7E3372-33D8-4017-8CC0-38DEB687271F}
	EndGlobalSection
EndGlobal
