
Microsoft Visual Studio Solution File, Format Version 12.00
# Visual Studio 2013
VisualStudioVersion = 12.0.31101.0
MinimumVisualStudioVersion = 10.0.40219.1
Project("{FAE04EC0-301F-11D3-BF4B-00C04F79EFBC}") = "Zadacha_01", "Zadacha_01\Zadacha_01.csproj", "{4F06C40D-322A-4A84-AE80-E430A9B4CB45}"
EndProject
Project("{FAE04EC0-301F-11D3-BF4B-00C04F79EFBC}") = "Zadacha_02", "Zadacha_02\Zadacha_02.csproj", "{4F83603B-E422-4AEC-AC6C-86D7EE4C3A93}"
EndProject
Project("{FAE04EC0-301F-11D3-BF4B-00C04F79EFBC}") = "Zadacha_03", "Zadacha_03\Zadacha_03.csproj", "{9ED57600-32C6-4A04-BB9E-928464C2C9CE}"
EndProject
Project("{FAE04EC0-301F-11D3-BF4B-00C04F79EFBC}") = "Zadacha_05", "Zadacha_05\Zadacha_05.csproj", "{6F426BEC-27BD-410C-8F1A-500D34B4102C}"
EndProject
Project("{FAE04EC0-301F-11D3-BF4B-00C04F79EFBC}") = "Zadacha_06", "Zadacha_06\Zadacha_06.csproj", "{28E1F2AF-4174-4030-BF1C-7C073A33486B}"
EndProject
Project("{FAE04EC0-301F-11D3-BF4B-00C04F79EFBC}") = "Zadacha_11", "Zadacha_11\Zadacha_11.csproj", "{47702A0F-6763-4F5B-A77A-F30D8F8C64FF}"
EndProject
Project("{FAE04EC0-301F-11D3-BF4B-00C04F79EFBC}") = "Zadacha_13", "Zadacha_13\Zadacha_13.csproj", "{B2677A58-F4DC-4CEB-B10E-6A9A09D1B1C0}"
EndProject
Project("{FAE04EC0-301F-11D3-BF4B-00C04F79EFBC}") = "Zadacha_08", "Zadacha_08\Zadacha_08.csproj", "{231F187E-DD54-4EE0-B189-8BB43AFBA695}"
EndProject
Global
	GlobalSection(SolutionConfigurationPlatforms) = preSolution
		Debug|Any CPU = Debug|Any CPU
		Release|Any CPU = Release|Any CPU
	EndGlobalSection
	GlobalSection(ProjectConfigurationPlatforms) = postSolution
		{4F06C40D-322A-4A84-AE80-E430A9B4CB45}.Debug|Any CPU.ActiveCfg = Debug|Any CPU
		{4F06C40D-322A-4A84-AE80-E430A9B4CB45}.Debug|Any CPU.Build.0 = Debug|Any CPU
		{4F06C40D-322A-4A84-AE80-E430A9B4CB45}.Release|Any CPU.ActiveCfg = Release|Any CPU
		{4F06C40D-322A-4A84-AE80-E430A9B4CB45}.Release|Any CPU.Build.0 = Release|Any CPU
		{4F83603B-E422-4AEC-AC6C-86D7EE4C3A93}.Debug|Any CPU.ActiveCfg = Debug|Any CPU
		{4F83603B-E422-4AEC-AC6C-86D7EE4C3A93}.Debug|Any CPU.Build.0 = Debug|Any CPU
		{4F83603B-E422-4AEC-AC6C-86D7EE4C3A93}.Release|Any CPU.ActiveCfg = Release|Any CPU
		{4F83603B-E422-4AEC-AC6C-86D7EE4C3A93}.Release|Any CPU.Build.0 = Release|Any CPU
		{9ED57600-32C6-4A04-BB9E-928464C2C9CE}.Debug|Any CPU.ActiveCfg = Debug|Any CPU
		{9ED57600-32C6-4A04-BB9E-928464C2C9CE}.Debug|Any CPU.Build.0 = Debug|Any CPU
		{9ED57600-32C6-4A04-BB9E-928464C2C9CE}.Release|Any CPU.ActiveCfg = Release|Any CPU
		{9ED57600-32C6-4A04-BB9E-928464C2C9CE}.Release|Any CPU.Build.0 = Release|Any CPU
		{6F426BEC-27BD-410C-8F1A-500D34B4102C}.Debug|Any CPU.ActiveCfg = Debug|Any CPU
		{6F426BEC-27BD-410C-8F1A-500D34B4102C}.Debug|Any CPU.Build.0 = Debug|Any CPU
		{6F426BEC-27BD-410C-8F1A-500D34B4102C}.Release|Any CPU.ActiveCfg = Release|Any CPU
		{6F426BEC-27BD-410C-8F1A-500D34B4102C}.Release|Any CPU.Build.0 = Release|Any CPU
		{28E1F2AF-4174-4030-BF1C-7C073A33486B}.Debug|Any CPU.ActiveCfg = Debug|Any CPU
		{28E1F2AF-4174-4030-BF1C-7C073A33486B}.Debug|Any CPU.Build.0 = Debug|Any CPU
		{28E1F2AF-4174-4030-BF1C-7C073A33486B}.Release|Any CPU.ActiveCfg = Release|Any CPU
		{28E1F2AF-4174-4030-BF1C-7C073A33486B}.Release|Any CPU.Build.0 = Release|Any CPU
		{47702A0F-6763-4F5B-A77A-F30D8F8C64FF}.Debug|Any CPU.ActiveCfg = Debug|Any CPU
		{47702A0F-6763-4F5B-A77A-F30D8F8C64FF}.Debug|Any CPU.Build.0 = Debug|Any CPU
		{47702A0F-6763-4F5B-A77A-F30D8F8C64FF}.Release|Any CPU.ActiveCfg = Release|Any CPU
		{47702A0F-6763-4F5B-A77A-F30D8F8C64FF}.Release|Any CPU.Build.0 = Release|Any CPU
		{B2677A58-F4DC-4CEB-B10E-6A9A09D1B1C0}.Debug|Any CPU.ActiveCfg = Debug|Any CPU
		{B2677A58-F4DC-4CEB-B10E-6A9A09D1B1C0}.Debug|Any CPU.Build.0 = Debug|Any CPU
		{B2677A58-F4DC-4CEB-B10E-6A9A09D1B1C0}.Release|Any CPU.ActiveCfg = Release|Any CPU
		{B2677A58-F4DC-4CEB-B10E-6A9A09D1B1C0}.Release|Any CPU.Build.0 = Release|Any CPU
		{231F187E-DD54-4EE0-B189-8BB43AFBA695}.Debug|Any CPU.ActiveCfg = Debug|Any CPU
		{231F187E-DD54-4EE0-B189-8BB43AFBA695}.Debug|Any CPU.Build.0 = Debug|Any CPU
		{231F187E-DD54-4EE0-B189-8BB43AFBA695}.Release|Any CPU.ActiveCfg = Release|Any CPU
		{231F187E-DD54-4EE0-B189-8BB43AFBA695}.Release|Any CPU.Build.0 = Release|Any CPU
	EndGlobalSection
	GlobalSection(SolutionProperties) = preSolution
		HideSolutionNode = FALSE
	EndGlobalSection
EndGlobal
