
Microsoft Visual Studio Solution File, Format Version 12.00
# Visual Studio 14
VisualStudioVersion = 14.0.23107.0
MinimumVisualStudioVersion = 10.0.40219.1
Project("{FAE04EC0-301F-11D3-BF4B-00C04F79EFBC}") = "Zadacha_01", "Zadacha_01\Zadacha_01.csproj", "{4F06C40D-322A-4A84-AE80-E430A9B4CB45}"
EndProject
Project("{FAE04EC0-301F-11D3-BF4B-00C04F79EFBC}") = "Zadacha_02", "Zadacha_02\Zadacha_02.csproj", "{4F83603B-E422-4AEC-AC6C-86D7EE4C3A93}"
EndProject
Project("{FAE04EC0-301F-11D3-BF4B-00C04F79EFBC}") = "Zadacha_03", "Zadacha_03\Zadacha_03.csproj", "{9ED57600-32C6-4A04-BB9E-928464C2C9CE}"
EndProject
Project("{FAE04EC0-301F-11D3-BF4B-00C04F79EFBC}") = "Zadacha_05", "Zadacha_05\Zadacha_05.csproj", "{6F426BEC-27BD-410C-8F1A-500D34B4102C}"
EndProject
Project("{FAE04EC0-301F-11D3-BF4B-00C04F79EFBC}") = "Zadacha_06", "Zadacha_06\Zadacha_06.csproj", "{28E1F2AF-4174-4030-BF1C-7C073A33486B}"
EndProject
Project("{FAE04EC0-301F-11D3-BF4B-00C04F79EFBC}") = "Zadacha_11", "Zadacha_11\Zadacha_11.csproj", "{47702A0F-6763-4F5B-A77A-F30D8F8C64FF}"
EndProject
Project("{FAE04EC0-301F-11D3-BF4B-00C04F79EFBC}") = "Zadacha_13", "Zadacha_13\Zadacha_13.csproj", "{B2677A58-F4DC-4CEB-B10E-6A9A09D1B1C0}"
EndProject
Project("{FAE04EC0-301F-11D3-BF4B-00C04F79EFBC}") = "Zadacha_08", "Zadacha_08\Zadacha_08.csproj", "{231F187E-DD54-4EE0-B189-8BB43AFBA695}"
EndProject
Project("{FAE04EC0-301F-11D3-BF4B-00C04F79EFBC}") = "Zadacha_09", "Zadacha_09\Zadacha_09.csproj", "{0913D319-4FEC-495A-B890-B26BEE6C7657}"
EndProject
Project("{FAE04EC0-301F-11D3-BF4B-00C04F79EFBC}") = "Zadacha_12", "Zadacha_12\Zadacha_12.csproj", "{5349B56D-79F1-45B6-8347-146381D5CE70}"
EndProject
Project("{FAE04EC0-301F-11D3-BF4B-00C04F79EFBC}") = "Zadacha_15", "Zadacha_15\Zadacha_15.csproj", "{2AF1C9F8-F886-42DD-9604-B89EE58FBD18}"
EndProject
Project("{FAE04EC0-301F-11D3-BF4B-00C04F79EFBC}") = "Zadacha_16", "Zadacha_16\Zadacha_16.csproj", "{60AAEB3F-89ED-4B13-9079-69FFDDB3C1FE}"
EndProject
Project("{FAE04EC0-301F-11D3-BF4B-00C04F79EFBC}") = "Zadacha_17", "Zadacha_17\Zadacha_17.csproj", "{EEEC8D04-A6F0-450D-80CE-7C8D5FC0B496}"
EndProject
Project("{FAE04EC0-301F-11D3-BF4B-00C04F79EFBC}") = "Zadacha_18", "Zadacha_18\Zadacha_18.csproj", "{ECD4602D-6647-4196-9EE8-496776085DBD}"
EndProject
Project("{FAE04EC0-301F-11D3-BF4B-00C04F79EFBC}") = "Zadacha_04", "Zadacha_04\Zadacha_04.csproj", "{7FA107FB-AD05-4E84-917A-2B2C0A046EE7}"
EndProject
Project("{FAE04EC0-301F-11D3-BF4B-00C04F79EFBC}") = "Zadacha_07", "Zadacha_07\Zadacha_07.csproj", "{B5FAC318-4617-4B28-845B-A699DD8F33D6}"
EndProject
Project("{FAE04EC0-301F-11D3-BF4B-00C04F79EFBC}") = "Zadacha_19", "Zadacha_19\Zadacha_19.csproj", "{D3372C2B-C3BA-4699-9C78-12CC437A3FA4}"
EndProject
Project("{FAE04EC0-301F-11D3-BF4B-00C04F79EFBC}") = "Zadacha_27", "Zadacha_27\Zadacha_27.csproj", "{438E4B26-3E95-4BA7-B392-9D230B94887A}"
EndProject
Project("{FAE04EC0-301F-11D3-BF4B-00C04F79EFBC}") = "Zadacha_10", "Zadacha_10\Zadacha_10.csproj", "{B64295CB-8D11-44A8-A802-BB10FC3D4422}"
EndProject
Project("{FAE04EC0-301F-11D3-BF4B-00C04F79EFBC}") = "Zadacha_14", "Zadacha_14\Zadacha_14.csproj", "{5BEA64D9-D6E5-445A-9E68-073F093ED292}"
EndProject
Project("{FAE04EC0-301F-11D3-BF4B-00C04F79EFBC}") = "Zadacha_20", "Zadacha_20\Zadacha_20.csproj", "{80CC7C86-B7B6-470F-A8EF-4F8F0574A63D}"
EndProject
Project("{FAE04EC0-301F-11D3-BF4B-00C04F79EFBC}") = "Zadacha_21", "Zadacha_21\Zadacha_21.csproj", "{A68CFDE1-B909-4BCF-8F7A-BA854320B5CF}"
EndProject
Project("{FAE04EC0-301F-11D3-BF4B-00C04F79EFBC}") = "Zadacha_22", "Zadacha_22\Zadacha_22.csproj", "{FF295081-196F-4FD7-A7CF-38EBC00373A3}"
EndProject
Project("{FAE04EC0-301F-11D3-BF4B-00C04F79EFBC}") = "Zadacha_23", "Zadacha_23\Zadacha_23.csproj", "{E54D3B85-4C56-418F-B825-CA91B5603A13}"
EndProject
Project("{FAE04EC0-301F-11D3-BF4B-00C04F79EFBC}") = "Zadacha_24", "Zadacha_24\Zadacha_24.csproj", "{23665053-F767-450D-8217-5EFBCE7A7094}"
EndProject
Project("{FAE04EC0-301F-11D3-BF4B-00C04F79EFBC}") = "Zadacha_25", "Zadacha_25\Zadacha_25.csproj", "{1DF4B3B5-7AEF-4DC1-AC8B-E39CB14A3BAF}"
EndProject
Project("{FAE04EC0-301F-11D3-BF4B-00C04F79EFBC}") = "Zadacha_28", "Zadacha_28\Zadacha_28.csproj", "{2F80B926-D408-48C0-A9C2-55F135022389}"
EndProject
Project("{FAE04EC0-301F-11D3-BF4B-00C04F79EFBC}") = "Zadacha_29--", "Zadacha_29\Zadacha_29--.csproj", "{DE6A7109-95A5-4909-858B-D30E45CDEF30}"
EndProject
Project("{FAE04EC0-301F-11D3-BF4B-00C04F79EFBC}") = "Zadacha_30", "Zadacha_30\Zadacha_30.csproj", "{DC9425CF-D351-4DE5-AE16-680372ED9E23}"
EndProject
Project("{FAE04EC0-301F-11D3-BF4B-00C04F79EFBC}") = "Zadacha_26", "Zadacha_26\Zadacha_26.csproj", "{9B5C97AF-4BF1-49E2-B0BA-76DC4A9BF6CE}"
EndProject
Project("{FAE04EC0-301F-11D3-BF4B-00C04F79EFBC}") = "Zadacha_31", "Zadacha_31\Zadacha_31.csproj", "{EB2A59AD-9996-49F8-9DB8-F8E6F683B5FD}"
EndProject
Global
	GlobalSection(SolutionConfigurationPlatforms) = preSolution
		Debug|Any CPU = Debug|Any CPU
		Release|Any CPU = Release|Any CPU
	EndGlobalSection
	GlobalSection(ProjectConfigurationPlatforms) = postSolution
		{4F06C40D-322A-4A84-AE80-E430A9B4CB45}.Debug|Any CPU.ActiveCfg = Debug|Any CPU
		{4F06C40D-322A-4A84-AE80-E430A9B4CB45}.Debug|Any CPU.Build.0 = Debug|Any CPU
		{4F06C40D-322A-4A84-AE80-E430A9B4CB45}.Release|Any CPU.ActiveCfg = Release|Any CPU
		{4F06C40D-322A-4A84-AE80-E430A9B4CB45}.Release|Any CPU.Build.0 = Release|Any CPU
		{4F83603B-E422-4AEC-AC6C-86D7EE4C3A93}.Debug|Any CPU.ActiveCfg = Debug|Any CPU
		{4F83603B-E422-4AEC-AC6C-86D7EE4C3A93}.Debug|Any CPU.Build.0 = Debug|Any CPU
		{4F83603B-E422-4AEC-AC6C-86D7EE4C3A93}.Release|Any CPU.ActiveCfg = Release|Any CPU
		{4F83603B-E422-4AEC-AC6C-86D7EE4C3A93}.Release|Any CPU.Build.0 = Release|Any CPU
		{9ED57600-32C6-4A04-BB9E-928464C2C9CE}.Debug|Any CPU.ActiveCfg = Debug|Any CPU
		{9ED57600-32C6-4A04-BB9E-928464C2C9CE}.Debug|Any CPU.Build.0 = Debug|Any CPU
		{9ED57600-32C6-4A04-BB9E-928464C2C9CE}.Release|Any CPU.ActiveCfg = Release|Any CPU
		{9ED57600-32C6-4A04-BB9E-928464C2C9CE}.Release|Any CPU.Build.0 = Release|Any CPU
		{6F426BEC-27BD-410C-8F1A-500D34B4102C}.Debug|Any CPU.ActiveCfg = Debug|Any CPU
		{6F426BEC-27BD-410C-8F1A-500D34B4102C}.Debug|Any CPU.Build.0 = Debug|Any CPU
		{6F426BEC-27BD-410C-8F1A-500D34B4102C}.Release|Any CPU.ActiveCfg = Release|Any CPU
		{6F426BEC-27BD-410C-8F1A-500D34B4102C}.Release|Any CPU.Build.0 = Release|Any CPU
		{28E1F2AF-4174-4030-BF1C-7C073A33486B}.Debug|Any CPU.ActiveCfg = Debug|Any CPU
		{28E1F2AF-4174-4030-BF1C-7C073A33486B}.Debug|Any CPU.Build.0 = Debug|Any CPU
		{28E1F2AF-4174-4030-BF1C-7C073A33486B}.Release|Any CPU.ActiveCfg = Release|Any CPU
		{28E1F2AF-4174-4030-BF1C-7C073A33486B}.Release|Any CPU.Build.0 = Release|Any CPU
		{47702A0F-6763-4F5B-A77A-F30D8F8C64FF}.Debug|Any CPU.ActiveCfg = Debug|Any CPU
		{47702A0F-6763-4F5B-A77A-F30D8F8C64FF}.Debug|Any CPU.Build.0 = Debug|Any CPU
		{47702A0F-6763-4F5B-A77A-F30D8F8C64FF}.Release|Any CPU.ActiveCfg = Release|Any CPU
		{47702A0F-6763-4F5B-A77A-F30D8F8C64FF}.Release|Any CPU.Build.0 = Release|Any CPU
		{B2677A58-F4DC-4CEB-B10E-6A9A09D1B1C0}.Debug|Any CPU.ActiveCfg = Debug|Any CPU
		{B2677A58-F4DC-4CEB-B10E-6A9A09D1B1C0}.Debug|Any CPU.Build.0 = Debug|Any CPU
		{B2677A58-F4DC-4CEB-B10E-6A9A09D1B1C0}.Release|Any CPU.ActiveCfg = Release|Any CPU
		{B2677A58-F4DC-4CEB-B10E-6A9A09D1B1C0}.Release|Any CPU.Build.0 = Release|Any CPU
		{231F187E-DD54-4EE0-B189-8BB43AFBA695}.Debug|Any CPU.ActiveCfg = Debug|Any CPU
		{231F187E-DD54-4EE0-B189-8BB43AFBA695}.Debug|Any CPU.Build.0 = Debug|Any CPU
		{231F187E-DD54-4EE0-B189-8BB43AFBA695}.Release|Any CPU.ActiveCfg = Release|Any CPU
		{231F187E-DD54-4EE0-B189-8BB43AFBA695}.Release|Any CPU.Build.0 = Release|Any CPU
		{0913D319-4FEC-495A-B890-B26BEE6C7657}.Debug|Any CPU.ActiveCfg = Debug|Any CPU
		{0913D319-4FEC-495A-B890-B26BEE6C7657}.Debug|Any CPU.Build.0 = Debug|Any CPU
		{0913D319-4FEC-495A-B890-B26BEE6C7657}.Release|Any CPU.ActiveCfg = Release|Any CPU
		{0913D319-4FEC-495A-B890-B26BEE6C7657}.Release|Any CPU.Build.0 = Release|Any CPU
		{5349B56D-79F1-45B6-8347-146381D5CE70}.Debug|Any CPU.ActiveCfg = Debug|Any CPU
		{5349B56D-79F1-45B6-8347-146381D5CE70}.Debug|Any CPU.Build.0 = Debug|Any CPU
		{5349B56D-79F1-45B6-8347-146381D5CE70}.Release|Any CPU.ActiveCfg = Release|Any CPU
		{5349B56D-79F1-45B6-8347-146381D5CE70}.Release|Any CPU.Build.0 = Release|Any CPU
		{2AF1C9F8-F886-42DD-9604-B89EE58FBD18}.Debug|Any CPU.ActiveCfg = Debug|Any CPU
		{2AF1C9F8-F886-42DD-9604-B89EE58FBD18}.Debug|Any CPU.Build.0 = Debug|Any CPU
		{2AF1C9F8-F886-42DD-9604-B89EE58FBD18}.Release|Any CPU.ActiveCfg = Release|Any CPU
		{2AF1C9F8-F886-42DD-9604-B89EE58FBD18}.Release|Any CPU.Build.0 = Release|Any CPU
		{60AAEB3F-89ED-4B13-9079-69FFDDB3C1FE}.Debug|Any CPU.ActiveCfg = Debug|Any CPU
		{60AAEB3F-89ED-4B13-9079-69FFDDB3C1FE}.Debug|Any CPU.Build.0 = Debug|Any CPU
		{60AAEB3F-89ED-4B13-9079-69FFDDB3C1FE}.Release|Any CPU.ActiveCfg = Release|Any CPU
		{60AAEB3F-89ED-4B13-9079-69FFDDB3C1FE}.Release|Any CPU.Build.0 = Release|Any CPU
		{EEEC8D04-A6F0-450D-80CE-7C8D5FC0B496}.Debug|Any CPU.ActiveCfg = Debug|Any CPU
		{EEEC8D04-A6F0-450D-80CE-7C8D5FC0B496}.Debug|Any CPU.Build.0 = Debug|Any CPU
		{EEEC8D04-A6F0-450D-80CE-7C8D5FC0B496}.Release|Any CPU.ActiveCfg = Release|Any CPU
		{EEEC8D04-A6F0-450D-80CE-7C8D5FC0B496}.Release|Any CPU.Build.0 = Release|Any CPU
		{ECD4602D-6647-4196-9EE8-496776085DBD}.Debug|Any CPU.ActiveCfg = Debug|Any CPU
		{ECD4602D-6647-4196-9EE8-496776085DBD}.Debug|Any CPU.Build.0 = Debug|Any CPU
		{ECD4602D-6647-4196-9EE8-496776085DBD}.Release|Any CPU.ActiveCfg = Release|Any CPU
		{ECD4602D-6647-4196-9EE8-496776085DBD}.Release|Any CPU.Build.0 = Release|Any CPU
		{7FA107FB-AD05-4E84-917A-2B2C0A046EE7}.Debug|Any CPU.ActiveCfg = Debug|Any CPU
		{7FA107FB-AD05-4E84-917A-2B2C0A046EE7}.Debug|Any CPU.Build.0 = Debug|Any CPU
		{7FA107FB-AD05-4E84-917A-2B2C0A046EE7}.Release|Any CPU.ActiveCfg = Release|Any CPU
		{7FA107FB-AD05-4E84-917A-2B2C0A046EE7}.Release|Any CPU.Build.0 = Release|Any CPU
		{B5FAC318-4617-4B28-845B-A699DD8F33D6}.Debug|Any CPU.ActiveCfg = Debug|Any CPU
		{B5FAC318-4617-4B28-845B-A699DD8F33D6}.Debug|Any CPU.Build.0 = Debug|Any CPU
		{B5FAC318-4617-4B28-845B-A699DD8F33D6}.Release|Any CPU.ActiveCfg = Release|Any CPU
		{B5FAC318-4617-4B28-845B-A699DD8F33D6}.Release|Any CPU.Build.0 = Release|Any CPU
		{D3372C2B-C3BA-4699-9C78-12CC437A3FA4}.Debug|Any CPU.ActiveCfg = Debug|Any CPU
		{D3372C2B-C3BA-4699-9C78-12CC437A3FA4}.Debug|Any CPU.Build.0 = Debug|Any CPU
		{D3372C2B-C3BA-4699-9C78-12CC437A3FA4}.Release|Any CPU.ActiveCfg = Release|Any CPU
		{D3372C2B-C3BA-4699-9C78-12CC437A3FA4}.Release|Any CPU.Build.0 = Release|Any CPU
		{438E4B26-3E95-4BA7-B392-9D230B94887A}.Debug|Any CPU.ActiveCfg = Debug|Any CPU
		{438E4B26-3E95-4BA7-B392-9D230B94887A}.Debug|Any CPU.Build.0 = Debug|Any CPU
		{438E4B26-3E95-4BA7-B392-9D230B94887A}.Release|Any CPU.ActiveCfg = Release|Any CPU
		{438E4B26-3E95-4BA7-B392-9D230B94887A}.Release|Any CPU.Build.0 = Release|Any CPU
		{B64295CB-8D11-44A8-A802-BB10FC3D4422}.Debug|Any CPU.ActiveCfg = Debug|Any CPU
		{B64295CB-8D11-44A8-A802-BB10FC3D4422}.Debug|Any CPU.Build.0 = Debug|Any CPU
		{B64295CB-8D11-44A8-A802-BB10FC3D4422}.Release|Any CPU.ActiveCfg = Release|Any CPU
		{B64295CB-8D11-44A8-A802-BB10FC3D4422}.Release|Any CPU.Build.0 = Release|Any CPU
		{5BEA64D9-D6E5-445A-9E68-073F093ED292}.Debug|Any CPU.ActiveCfg = Debug|Any CPU
		{5BEA64D9-D6E5-445A-9E68-073F093ED292}.Debug|Any CPU.Build.0 = Debug|Any CPU
		{5BEA64D9-D6E5-445A-9E68-073F093ED292}.Release|Any CPU.ActiveCfg = Release|Any CPU
		{5BEA64D9-D6E5-445A-9E68-073F093ED292}.Release|Any CPU.Build.0 = Release|Any CPU
		{80CC7C86-B7B6-470F-A8EF-4F8F0574A63D}.Debug|Any CPU.ActiveCfg = Debug|Any CPU
		{80CC7C86-B7B6-470F-A8EF-4F8F0574A63D}.Debug|Any CPU.Build.0 = Debug|Any CPU
		{80CC7C86-B7B6-470F-A8EF-4F8F0574A63D}.Release|Any CPU.ActiveCfg = Release|Any CPU
		{80CC7C86-B7B6-470F-A8EF-4F8F0574A63D}.Release|Any CPU.Build.0 = Release|Any CPU
		{A68CFDE1-B909-4BCF-8F7A-BA854320B5CF}.Debug|Any CPU.ActiveCfg = Debug|Any CPU
		{A68CFDE1-B909-4BCF-8F7A-BA854320B5CF}.Debug|Any CPU.Build.0 = Debug|Any CPU
		{A68CFDE1-B909-4BCF-8F7A-BA854320B5CF}.Release|Any CPU.ActiveCfg = Release|Any CPU
		{A68CFDE1-B909-4BCF-8F7A-BA854320B5CF}.Release|Any CPU.Build.0 = Release|Any CPU
		{FF295081-196F-4FD7-A7CF-38EBC00373A3}.Debug|Any CPU.ActiveCfg = Debug|Any CPU
		{FF295081-196F-4FD7-A7CF-38EBC00373A3}.Debug|Any CPU.Build.0 = Debug|Any CPU
		{FF295081-196F-4FD7-A7CF-38EBC00373A3}.Release|Any CPU.ActiveCfg = Release|Any CPU
		{FF295081-196F-4FD7-A7CF-38EBC00373A3}.Release|Any CPU.Build.0 = Release|Any CPU
		{E54D3B85-4C56-418F-B825-CA91B5603A13}.Debug|Any CPU.ActiveCfg = Debug|Any CPU
		{E54D3B85-4C56-418F-B825-CA91B5603A13}.Debug|Any CPU.Build.0 = Debug|Any CPU
		{E54D3B85-4C56-418F-B825-CA91B5603A13}.Release|Any CPU.ActiveCfg = Release|Any CPU
		{E54D3B85-4C56-418F-B825-CA91B5603A13}.Release|Any CPU.Build.0 = Release|Any CPU
		{23665053-F767-450D-8217-5EFBCE7A7094}.Debug|Any CPU.ActiveCfg = Debug|Any CPU
		{23665053-F767-450D-8217-5EFBCE7A7094}.Debug|Any CPU.Build.0 = Debug|Any CPU
		{23665053-F767-450D-8217-5EFBCE7A7094}.Release|Any CPU.ActiveCfg = Release|Any CPU
		{23665053-F767-450D-8217-5EFBCE7A7094}.Release|Any CPU.Build.0 = Release|Any CPU
		{1DF4B3B5-7AEF-4DC1-AC8B-E39CB14A3BAF}.Debug|Any CPU.ActiveCfg = Debug|Any CPU
		{1DF4B3B5-7AEF-4DC1-AC8B-E39CB14A3BAF}.Debug|Any CPU.Build.0 = Debug|Any CPU
		{1DF4B3B5-7AEF-4DC1-AC8B-E39CB14A3BAF}.Release|Any CPU.ActiveCfg = Release|Any CPU
		{1DF4B3B5-7AEF-4DC1-AC8B-E39CB14A3BAF}.Release|Any CPU.Build.0 = Release|Any CPU
		{2F80B926-D408-48C0-A9C2-55F135022389}.Debug|Any CPU.ActiveCfg = Debug|Any CPU
		{2F80B926-D408-48C0-A9C2-55F135022389}.Debug|Any CPU.Build.0 = Debug|Any CPU
		{2F80B926-D408-48C0-A9C2-55F135022389}.Release|Any CPU.ActiveCfg = Release|Any CPU
		{2F80B926-D408-48C0-A9C2-55F135022389}.Release|Any CPU.Build.0 = Release|Any CPU
		{DE6A7109-95A5-4909-858B-D30E45CDEF30}.Debug|Any CPU.ActiveCfg = Debug|Any CPU
		{DE6A7109-95A5-4909-858B-D30E45CDEF30}.Debug|Any CPU.Build.0 = Debug|Any CPU
		{DE6A7109-95A5-4909-858B-D30E45CDEF30}.Release|Any CPU.ActiveCfg = Release|Any CPU
		{DE6A7109-95A5-4909-858B-D30E45CDEF30}.Release|Any CPU.Build.0 = Release|Any CPU
		{DC9425CF-D351-4DE5-AE16-680372ED9E23}.Debug|Any CPU.ActiveCfg = Debug|Any CPU
		{DC9425CF-D351-4DE5-AE16-680372ED9E23}.Debug|Any CPU.Build.0 = Debug|Any CPU
		{DC9425CF-D351-4DE5-AE16-680372ED9E23}.Release|Any CPU.ActiveCfg = Release|Any CPU
		{DC9425CF-D351-4DE5-AE16-680372ED9E23}.Release|Any CPU.Build.0 = Release|Any CPU
		{9B5C97AF-4BF1-49E2-B0BA-76DC4A9BF6CE}.Debug|Any CPU.ActiveCfg = Debug|Any CPU
		{9B5C97AF-4BF1-49E2-B0BA-76DC4A9BF6CE}.Debug|Any CPU.Build.0 = Debug|Any CPU
		{9B5C97AF-4BF1-49E2-B0BA-76DC4A9BF6CE}.Release|Any CPU.ActiveCfg = Release|Any CPU
		{9B5C97AF-4BF1-49E2-B0BA-76DC4A9BF6CE}.Release|Any CPU.Build.0 = Release|Any CPU
		{EB2A59AD-9996-49F8-9DB8-F8E6F683B5FD}.Debug|Any CPU.ActiveCfg = Debug|Any CPU
		{EB2A59AD-9996-49F8-9DB8-F8E6F683B5FD}.Debug|Any CPU.Build.0 = Debug|Any CPU
		{EB2A59AD-9996-49F8-9DB8-F8E6F683B5FD}.Release|Any CPU.ActiveCfg = Release|Any CPU
		{EB2A59AD-9996-49F8-9DB8-F8E6F683B5FD}.Release|Any CPU.Build.0 = Release|Any CPU
	EndGlobalSection
	GlobalSection(SolutionProperties) = preSolution
		HideSolutionNode = FALSE
	EndGlobalSection
EndGlobal
